
Microsoft Visual Studio Solution File, Format Version 12.00
# Visual Studio Version 17
VisualStudioVersion = 17.5.33530.505
MinimumVisualStudioVersion = 10.0.40219.1
Project("{8BC9CEB8-8B4A-11D0-8D11-00A0C91BC942}") = "Problem 1", "Problem 1\Problem 1.vcxproj", "{5FB275CA-CF5B-4331-82CE-6D42E1E16066}"
EndProject
Project("{8BC9CEB8-8B4A-11D0-8D11-00A0C91BC942}") = "Problem 2", "Problem 2\Problem 2.vcxproj", "{BE33C464-77D8-4D4E-83DC-03C1682BC7C6}"
EndProject
Project("{8BC9CEB8-8B4A-11D0-8D11-00A0C91BC942}") = "Problem 3", "Problem 3\Problem 3.vcxproj", "{9F83410B-6C83-4877-998A-A7C74B86F79E}"
EndProject
Project("{8BC9CEB8-8B4A-11D0-8D11-00A0C91BC942}") = "Problem 4", "Problem 4\Problem 4.vcxproj", "{5C8E171A-8EBB-4A35-85C1-1C63F3635161}"
EndProject
Project("{8BC9CEB8-8B4A-11D0-8D11-00A0C91BC942}") = "Problem 5", "Problem 5\Problem 5.vcxproj", "{588ECB7D-205B-4D6E-83A5-4D7A661AB7E8}"
EndProject
Project("{8BC9CEB8-8B4A-11D0-8D11-00A0C91BC942}") = "Problem 6", "Problem 6\Problem 6.vcxproj", "{A54054C1-900B-4D6F-B3E3-5260D7B38EB6}"
EndProject
Project("{8BC9CEB8-8B4A-11D0-8D11-00A0C91BC942}") = "Problem 7", "Problem 7\Problem 7.vcxproj", "{240136F3-19AE-4FA5-8F06-D82F94A308C0}"
EndProject
Project("{8BC9CEB8-8B4A-11D0-8D11-00A0C91BC942}") = "Problem 8", "Problem 8\Problem 8.vcxproj", "{469CC136-6C68-419D-A3BD-B1A8A33FE707}"
EndProject
Project("{8BC9CEB8-8B4A-11D0-8D11-00A0C91BC942}") = "Problem 9", "Problem 9\Problem 9.vcxproj", "{C1D87F30-AB10-4F66-8502-9E8787325B98}"
EndProject
Project("{8BC9CEB8-8B4A-11D0-8D11-00A0C91BC942}") = "Problem 10", "Problem 10\Problem 10.vcxproj", "{C55D8736-07ED-49FB-BB51-85027B03E4EC}"
EndProject
Project("{8BC9CEB8-8B4A-11D0-8D11-00A0C91BC942}") = "Problem 11", "Problem 11\Problem 11.vcxproj", "{86E6923A-3756-4A9E-8C64-1C320DA86BBB}"
EndProject
Global
	GlobalSection(SolutionConfigurationPlatforms) = preSolution
		Debug|x64 = Debug|x64
		Debug|x86 = Debug|x86
		Release|x64 = Release|x64
		Release|x86 = Release|x86
	EndGlobalSection
	GlobalSection(ProjectConfigurationPlatforms) = postSolution
		{5FB275CA-CF5B-4331-82CE-6D42E1E16066}.Debug|x64.ActiveCfg = Debug|x64
		{5FB275CA-CF5B-4331-82CE-6D42E1E16066}.Debug|x64.Build.0 = Debug|x64
		{5FB275CA-CF5B-4331-82CE-6D42E1E16066}.Debug|x86.ActiveCfg = Debug|Win32
		{5FB275CA-CF5B-4331-82CE-6D42E1E16066}.Debug|x86.Build.0 = Debug|Win32
		{5FB275CA-CF5B-4331-82CE-6D42E1E16066}.Release|x64.ActiveCfg = Release|x64
		{5FB275CA-CF5B-4331-82CE-6D42E1E16066}.Release|x64.Build.0 = Release|x64
		{5FB275CA-CF5B-4331-82CE-6D42E1E16066}.Release|x86.ActiveCfg = Release|Win32
		{5FB275CA-CF5B-4331-82CE-6D42E1E16066}.Release|x86.Build.0 = Release|Win32
		{BE33C464-77D8-4D4E-83DC-03C1682BC7C6}.Debug|x64.ActiveCfg = Debug|x64
		{BE33C464-77D8-4D4E-83DC-03C1682BC7C6}.Debug|x64.Build.0 = Debug|x64
		{BE33C464-77D8-4D4E-83DC-03C1682BC7C6}.Debug|x86.ActiveCfg = Debug|Win32
		{BE33C464-77D8-4D4E-83DC-03C1682BC7C6}.Debug|x86.Build.0 = Debug|Win32
		{BE33C464-77D8-4D4E-83DC-03C1682BC7C6}.Release|x64.ActiveCfg = Release|x64
		{BE33C464-77D8-4D4E-83DC-03C1682BC7C6}.Release|x64.Build.0 = Release|x64
		{BE33C464-77D8-4D4E-83DC-03C1682BC7C6}.Release|x86.ActiveCfg = Release|Win32
		{BE33C464-77D8-4D4E-83DC-03C1682BC7C6}.Release|x86.Build.0 = Release|Win32
		{9F83410B-6C83-4877-998A-A7C74B86F79E}.Debug|x64.ActiveCfg = Debug|x64
		{9F83410B-6C83-4877-998A-A7C74B86F79E}.Debug|x64.Build.0 = Debug|x64
		{9F83410B-6C83-4877-998A-A7C74B86F79E}.Debug|x86.ActiveCfg = Debug|Win32
		{9F83410B-6C83-4877-998A-A7C74B86F79E}.Debug|x86.Build.0 = Debug|Win32
		{9F83410B-6C83-4877-998A-A7C74B86F79E}.Release|x64.ActiveCfg = Release|x64
		{9F83410B-6C83-4877-998A-A7C74B86F79E}.Release|x64.Build.0 = Release|x64
		{9F83410B-6C83-4877-998A-A7C74B86F79E}.Release|x86.ActiveCfg = Release|Win32
		{9F83410B-6C83-4877-998A-A7C74B86F79E}.Release|x86.Build.0 = Release|Win32
		{5C8E171A-8EBB-4A35-85C1-1C63F3635161}.Debug|x64.ActiveCfg = Debug|x64
		{5C8E171A-8EBB-4A35-85C1-1C63F3635161}.Debug|x64.Build.0 = Debug|x64
		{5C8E171A-8EBB-4A35-85C1-1C63F3635161}.Debug|x86.ActiveCfg = Debug|Win32
		{5C8E171A-8EBB-4A35-85C1-1C63F3635161}.Debug|x86.Build.0 = Debug|Win32
		{5C8E171A-8EBB-4A35-85C1-1C63F3635161}.Release|x64.ActiveCfg = Release|x64
		{5C8E171A-8EBB-4A35-85C1-1C63F3635161}.Release|x64.Build.0 = Release|x64
		{5C8E171A-8EBB-4A35-85C1-1C63F3635161}.Release|x86.ActiveCfg = Release|Win32
		{5C8E171A-8EBB-4A35-85C1-1C63F3635161}.Release|x86.Build.0 = Release|Win32
		{588ECB7D-205B-4D6E-83A5-4D7A661AB7E8}.Debug|x64.ActiveCfg = Debug|x64
		{588ECB7D-205B-4D6E-83A5-4D7A661AB7E8}.Debug|x64.Build.0 = Debug|x64
		{588ECB7D-205B-4D6E-83A5-4D7A661AB7E8}.Debug|x86.ActiveCfg = Debug|Win32
		{588ECB7D-205B-4D6E-83A5-4D7A661AB7E8}.Debug|x86.Build.0 = Debug|Win32
		{588ECB7D-205B-4D6E-83A5-4D7A661AB7E8}.Release|x64.ActiveCfg = Release|x64
		{588ECB7D-205B-4D6E-83A5-4D7A661AB7E8}.Release|x64.Build.0 = Release|x64
		{588ECB7D-205B-4D6E-83A5-4D7A661AB7E8}.Release|x86.ActiveCfg = Release|Win32
		{588ECB7D-205B-4D6E-83A5-4D7A661AB7E8}.Release|x86.Build.0 = Release|Win32
		{A54054C1-900B-4D6F-B3E3-5260D7B38EB6}.Debug|x64.ActiveCfg = Debug|x64
		{A54054C1-900B-4D6F-B3E3-5260D7B38EB6}.Debug|x64.Build.0 = Debug|x64
		{A54054C1-900B-4D6F-B3E3-5260D7B38EB6}.Debug|x86.ActiveCfg = Debug|Win32
		{A54054C1-900B-4D6F-B3E3-5260D7B38EB6}.Debug|x86.Build.0 = Debug|Win32
		{A54054C1-900B-4D6F-B3E3-5260D7B38EB6}.Release|x64.ActiveCfg = Release|x64
		{A54054C1-900B-4D6F-B3E3-5260D7B38EB6}.Release|x64.Build.0 = Release|x64
		{A54054C1-900B-4D6F-B3E3-5260D7B38EB6}.Release|x86.ActiveCfg = Release|Win32
		{A54054C1-900B-4D6F-B3E3-5260D7B38EB6}.Release|x86.Build.0 = Release|Win32
		{240136F3-19AE-4FA5-8F06-D82F94A308C0}.Debug|x64.ActiveCfg = Debug|x64
		{240136F3-19AE-4FA5-8F06-D82F94A308C0}.Debug|x64.Build.0 = Debug|x64
		{240136F3-19AE-4FA5-8F06-D82F94A308C0}.Debug|x86.ActiveCfg = Debug|Win32
		{240136F3-19AE-4FA5-8F06-D82F94A308C0}.Debug|x86.Build.0 = Debug|Win32
		{240136F3-19AE-4FA5-8F06-D82F94A308C0}.Release|x64.ActiveCfg = Release|x64
		{240136F3-19AE-4FA5-8F06-D82F94A308C0}.Release|x64.Build.0 = Release|x64
		{240136F3-19AE-4FA5-8F06-D82F94A308C0}.Release|x86.ActiveCfg = Release|Win32
		{240136F3-19AE-4FA5-8F06-D82F94A308C0}.Release|x86.Build.0 = Release|Win32
		{469CC136-6C68-419D-A3BD-B1A8A33FE707}.Debug|x64.ActiveCfg = Debug|x64
		{469CC136-6C68-419D-A3BD-B1A8A33FE707}.Debug|x64.Build.0 = Debug|x64
		{469CC136-6C68-419D-A3BD-B1A8A33FE707}.Debug|x86.ActiveCfg = Debug|Win32
		{469CC136-6C68-419D-A3BD-B1A8A33FE707}.Debug|x86.Build.0 = Debug|Win32
		{469CC136-6C68-419D-A3BD-B1A8A33FE707}.Release|x64.ActiveCfg = Release|x64
		{469CC136-6C68-419D-A3BD-B1A8A33FE707}.Release|x64.Build.0 = Release|x64
		{469CC136-6C68-419D-A3BD-B1A8A33FE707}.Release|x86.ActiveCfg = Release|Win32
		{469CC136-6C68-419D-A3BD-B1A8A33FE707}.Release|x86.Build.0 = Release|Win32
		{C1D87F30-AB10-4F66-8502-9E8787325B98}.Debug|x64.ActiveCfg = Debug|x64
		{C1D87F30-AB10-4F66-8502-9E8787325B98}.Debug|x64.Build.0 = Debug|x64
		{C1D87F30-AB10-4F66-8502-9E8787325B98}.Debug|x86.ActiveCfg = Debug|Win32
		{C1D87F30-AB10-4F66-8502-9E8787325B98}.Debug|x86.Build.0 = Debug|Win32
		{C1D87F30-AB10-4F66-8502-9E8787325B98}.Release|x64.ActiveCfg = Release|x64
		{C1D87F30-AB10-4F66-8502-9E8787325B98}.Release|x64.Build.0 = Release|x64
		{C1D87F30-AB10-4F66-8502-9E8787325B98}.Release|x86.ActiveCfg = Release|Win32
		{C1D87F30-AB10-4F66-8502-9E8787325B98}.Release|x86.Build.0 = Release|Win32
		{C55D8736-07ED-49FB-BB51-85027B03E4EC}.Debug|x64.ActiveCfg = Debug|x64
		{C55D8736-07ED-49FB-BB51-85027B03E4EC}.Debug|x64.Build.0 = Debug|x64
		{C55D8736-07ED-49FB-BB51-85027B03E4EC}.Debug|x86.ActiveCfg = Debug|Win32
		{C55D8736-07ED-49FB-BB51-85027B03E4EC}.Debug|x86.Build.0 = Debug|Win32
		{C55D8736-07ED-49FB-BB51-85027B03E4EC}.Release|x64.ActiveCfg = Release|x64
		{C55D8736-07ED-49FB-BB51-85027B03E4EC}.Release|x64.Build.0 = Release|x64
		{C55D8736-07ED-49FB-BB51-85027B03E4EC}.Release|x86.ActiveCfg = Release|Win32
		{C55D8736-07ED-49FB-BB51-85027B03E4EC}.Release|x86.Build.0 = Release|Win32
		{86E6923A-3756-4A9E-8C64-1C320DA86BBB}.Debug|x64.ActiveCfg = Debug|x64
		{86E6923A-3756-4A9E-8C64-1C320DA86BBB}.Debug|x64.Build.0 = Debug|x64
		{86E6923A-3756-4A9E-8C64-1C320DA86BBB}.Debug|x86.ActiveCfg = Debug|Win32
		{86E6923A-3756-4A9E-8C64-1C320DA86BBB}.Debug|x86.Build.0 = Debug|Win32
		{86E6923A-3756-4A9E-8C64-1C320DA86BBB}.Release|x64.ActiveCfg = Release|x64
		{86E6923A-3756-4A9E-8C64-1C320DA86BBB}.Release|x64.Build.0 = Release|x64
		{86E6923A-3756-4A9E-8C64-1C320DA86BBB}.Release|x86.ActiveCfg = Release|Win32
		{86E6923A-3756-4A9E-8C64-1C320DA86BBB}.Release|x86.Build.0 = Release|Win32
	EndGlobalSection
	GlobalSection(SolutionProperties) = preSolution
		HideSolutionNode = FALSE
	EndGlobalSection
	GlobalSection(ExtensibilityGlobals) = postSolution
		SolutionGuid = {C9D387EC-5124-4B16-9287-318BB9EA7E18}
	EndGlobalSection
EndGlobal
