
Microsoft Visual Studio Solution File, Format Version 12.00
# Visual Studio Version 17
VisualStudioVersion = 17.9.34902.65
MinimumVisualStudioVersion = 10.0.40219.1
Project("{8BC9CEB8-8B4A-11D0-8D11-00A0C91BC942}") = "Problem 001", "Problem 001\Problem 001.vcxproj", "{63389061-952A-4334-9DDC-242E472CAB73}"
EndProject
Project("{8BC9CEB8-8B4A-11D0-8D11-00A0C91BC942}") = "Problem 002", "Problem 002\Problem 002.vcxproj", "{C05AB457-B256-4C1F-AC2C-63AE7361DA41}"
EndProject
Project("{8BC9CEB8-8B4A-11D0-8D11-00A0C91BC942}") = "Problem 003", "Problem 003\Problem 003.vcxproj", "{AB2A3587-4045-4382-BB41-3FEDDA529A5B}"
EndProject
Project("{8BC9CEB8-8B4A-11D0-8D11-00A0C91BC942}") = "Problem 004", "Problem 004\Problem 004.vcxproj", "{2908906B-3EAA-476F-AA18-A7689FD04E1C}"
EndProject
Project("{8BC9CEB8-8B4A-11D0-8D11-00A0C91BC942}") = "Problem 005", "Problem 005\Problem 005.vcxproj", "{021B6DF7-245A-4AD8-A215-E194B78D3970}"
EndProject
Project("{8BC9CEB8-8B4A-11D0-8D11-00A0C91BC942}") = "Problem 006", "Problem 006\Problem 006.vcxproj", "{B09EE63F-03F7-42B4-96A7-72591EF3DC88}"
EndProject
Project("{8BC9CEB8-8B4A-11D0-8D11-00A0C91BC942}") = "Problem 007", "Problem 007\Problem 007.vcxproj", "{338DF6A2-5B4D-41F2-ADC1-B84CE44D9A56}"
EndProject
Project("{8BC9CEB8-8B4A-11D0-8D11-00A0C91BC942}") = "Problem 008", "Problem 008\Problem 008.vcxproj", "{B673ECC9-257C-46E7-B778-54F5452AF2D2}"
EndProject
Project("{8BC9CEB8-8B4A-11D0-8D11-00A0C91BC942}") = "Problem 009", "Problem 009\Problem 009.vcxproj", "{E2829231-D938-48A3-956C-E77E0BBA77A5}"
EndProject
Project("{8BC9CEB8-8B4A-11D0-8D11-00A0C91BC942}") = "Problem 010", "Problem 010\Problem 010.vcxproj", "{4D2F7EB7-76B8-4729-BC15-484CA2283DC1}"
EndProject
Project("{8BC9CEB8-8B4A-11D0-8D11-00A0C91BC942}") = "Problem 011", "Problem 011\Problem 011.vcxproj", "{57512298-1D05-4184-9A1B-D25BCD4E260B}"
EndProject
Project("{8BC9CEB8-8B4A-11D0-8D11-00A0C91BC942}") = "Problem 012", "Problem 012\Problem 012.vcxproj", "{B13C06DA-0B14-4534-80E4-B117D0048EEC}"
EndProject
Project("{8BC9CEB8-8B4A-11D0-8D11-00A0C91BC942}") = "Problem 013", "Problem 013\Problem 013.vcxproj", "{8BAC117E-3A58-440F-9E3B-7D878D077376}"
EndProject
Project("{8BC9CEB8-8B4A-11D0-8D11-00A0C91BC942}") = "Problem 014", "Problem 014\Problem 014.vcxproj", "{0D153BB6-38F2-401A-B4B4-A3718BCE7DF3}"
EndProject
Project("{8BC9CEB8-8B4A-11D0-8D11-00A0C91BC942}") = "Problem 015", "Problem 015\Problem 015.vcxproj", "{E9C5C9B9-F467-4EBD-9DBF-7F88022EA247}"
EndProject
Project("{8BC9CEB8-8B4A-11D0-8D11-00A0C91BC942}") = "Problem 016", "Problem 016\Problem 016.vcxproj", "{47C650B9-8A7F-4B5D-B344-3E698BBCC1B6}"
EndProject
Project("{8BC9CEB8-8B4A-11D0-8D11-00A0C91BC942}") = "Problem 017", "Problem 017\Problem 017.vcxproj", "{97D23D68-2A9E-427E-BF1A-68E342372C4F}"
EndProject
Project("{8BC9CEB8-8B4A-11D0-8D11-00A0C91BC942}") = "Problem 018", "Problem 018\Problem 018.vcxproj", "{7EC12084-B31B-46DA-910F-484860065E1B}"
EndProject
Project("{8BC9CEB8-8B4A-11D0-8D11-00A0C91BC942}") = "Problem 019", "Problem 019\Problem 019.vcxproj", "{1790AD39-EC69-4316-B69C-C560F4C47A72}"
EndProject
Project("{8BC9CEB8-8B4A-11D0-8D11-00A0C91BC942}") = "Problem 020", "Problem 020\Problem 020.vcxproj", "{7ECF2CC0-F24B-4B11-9DDC-787C773C90BA}"
EndProject
Project("{8BC9CEB8-8B4A-11D0-8D11-00A0C91BC942}") = "Problem 021", "Problem 021\Problem 021.vcxproj", "{AC01A5C0-F1A5-47C9-91CE-487272B93CD2}"
EndProject
Project("{8BC9CEB8-8B4A-11D0-8D11-00A0C91BC942}") = "Problem 022", "Problem 022\Problem 022.vcxproj", "{6625DF6C-798B-4AB4-93ED-03BBAB101639}"
EndProject
Project("{8BC9CEB8-8B4A-11D0-8D11-00A0C91BC942}") = "Problem 023", "Problem 023\Problem 023.vcxproj", "{CD2CD960-1EFE-4217-B144-9FF8159E47AA}"
EndProject
Project("{8BC9CEB8-8B4A-11D0-8D11-00A0C91BC942}") = "Problem 024", "Problem 024\Problem 024.vcxproj", "{B24BDC5C-9264-4D1E-83FD-CE770106B70A}"
EndProject
Project("{8BC9CEB8-8B4A-11D0-8D11-00A0C91BC942}") = "Problem 025", "Problem 025\Problem 025.vcxproj", "{978D9B75-6C78-4C65-9EEE-1C68D385D3FF}"
EndProject
Project("{8BC9CEB8-8B4A-11D0-8D11-00A0C91BC942}") = "Problem 026", "Problem 026\Problem 026.vcxproj", "{40EA237D-1C34-4E82-A050-61E852377150}"
EndProject
Project("{8BC9CEB8-8B4A-11D0-8D11-00A0C91BC942}") = "Problem 027", "Problem 027\Problem 027.vcxproj", "{6D3CB5C8-11D3-4BE4-ADB8-D2717E85F754}"
EndProject
Project("{8BC9CEB8-8B4A-11D0-8D11-00A0C91BC942}") = "Problem 028", "Problem 028\Problem 028.vcxproj", "{57533814-11BB-487F-AF48-55CEAB82CC61}"
EndProject
Project("{8BC9CEB8-8B4A-11D0-8D11-00A0C91BC942}") = "Problem 029", "Problem 029\Problem 029.vcxproj", "{047F7E9D-FD21-450D-A896-CF60ADFBE4E6}"
EndProject
Global
	GlobalSection(SolutionConfigurationPlatforms) = preSolution
		Debug|x64 = Debug|x64
		Debug|x86 = Debug|x86
		Release|x64 = Release|x64
		Release|x86 = Release|x86
	EndGlobalSection
	GlobalSection(ProjectConfigurationPlatforms) = postSolution
		{63389061-952A-4334-9DDC-242E472CAB73}.Debug|x64.ActiveCfg = Debug|x64
		{63389061-952A-4334-9DDC-242E472CAB73}.Debug|x64.Build.0 = Debug|x64
		{63389061-952A-4334-9DDC-242E472CAB73}.Debug|x86.ActiveCfg = Debug|Win32
		{63389061-952A-4334-9DDC-242E472CAB73}.Debug|x86.Build.0 = Debug|Win32
		{63389061-952A-4334-9DDC-242E472CAB73}.Release|x64.ActiveCfg = Release|x64
		{63389061-952A-4334-9DDC-242E472CAB73}.Release|x64.Build.0 = Release|x64
		{63389061-952A-4334-9DDC-242E472CAB73}.Release|x86.ActiveCfg = Release|Win32
		{63389061-952A-4334-9DDC-242E472CAB73}.Release|x86.Build.0 = Release|Win32
		{C05AB457-B256-4C1F-AC2C-63AE7361DA41}.Debug|x64.ActiveCfg = Debug|x64
		{C05AB457-B256-4C1F-AC2C-63AE7361DA41}.Debug|x64.Build.0 = Debug|x64
		{C05AB457-B256-4C1F-AC2C-63AE7361DA41}.Debug|x86.ActiveCfg = Debug|Win32
		{C05AB457-B256-4C1F-AC2C-63AE7361DA41}.Debug|x86.Build.0 = Debug|Win32
		{C05AB457-B256-4C1F-AC2C-63AE7361DA41}.Release|x64.ActiveCfg = Release|x64
		{C05AB457-B256-4C1F-AC2C-63AE7361DA41}.Release|x64.Build.0 = Release|x64
		{C05AB457-B256-4C1F-AC2C-63AE7361DA41}.Release|x86.ActiveCfg = Release|Win32
		{C05AB457-B256-4C1F-AC2C-63AE7361DA41}.Release|x86.Build.0 = Release|Win32
		{AB2A3587-4045-4382-BB41-3FEDDA529A5B}.Debug|x64.ActiveCfg = Debug|x64
		{AB2A3587-4045-4382-BB41-3FEDDA529A5B}.Debug|x64.Build.0 = Debug|x64
		{AB2A3587-4045-4382-BB41-3FEDDA529A5B}.Debug|x86.ActiveCfg = Debug|Win32
		{AB2A3587-4045-4382-BB41-3FEDDA529A5B}.Debug|x86.Build.0 = Debug|Win32
		{AB2A3587-4045-4382-BB41-3FEDDA529A5B}.Release|x64.ActiveCfg = Release|x64
		{AB2A3587-4045-4382-BB41-3FEDDA529A5B}.Release|x64.Build.0 = Release|x64
		{AB2A3587-4045-4382-BB41-3FEDDA529A5B}.Release|x86.ActiveCfg = Release|Win32
		{AB2A3587-4045-4382-BB41-3FEDDA529A5B}.Release|x86.Build.0 = Release|Win32
		{2908906B-3EAA-476F-AA18-A7689FD04E1C}.Debug|x64.ActiveCfg = Debug|x64
		{2908906B-3EAA-476F-AA18-A7689FD04E1C}.Debug|x64.Build.0 = Debug|x64
		{2908906B-3EAA-476F-AA18-A7689FD04E1C}.Debug|x86.ActiveCfg = Debug|Win32
		{2908906B-3EAA-476F-AA18-A7689FD04E1C}.Debug|x86.Build.0 = Debug|Win32
		{2908906B-3EAA-476F-AA18-A7689FD04E1C}.Release|x64.ActiveCfg = Release|x64
		{2908906B-3EAA-476F-AA18-A7689FD04E1C}.Release|x64.Build.0 = Release|x64
		{2908906B-3EAA-476F-AA18-A7689FD04E1C}.Release|x86.ActiveCfg = Release|Win32
		{2908906B-3EAA-476F-AA18-A7689FD04E1C}.Release|x86.Build.0 = Release|Win32
		{021B6DF7-245A-4AD8-A215-E194B78D3970}.Debug|x64.ActiveCfg = Debug|x64
		{021B6DF7-245A-4AD8-A215-E194B78D3970}.Debug|x64.Build.0 = Debug|x64
		{021B6DF7-245A-4AD8-A215-E194B78D3970}.Debug|x86.ActiveCfg = Debug|Win32
		{021B6DF7-245A-4AD8-A215-E194B78D3970}.Debug|x86.Build.0 = Debug|Win32
		{021B6DF7-245A-4AD8-A215-E194B78D3970}.Release|x64.ActiveCfg = Release|x64
		{021B6DF7-245A-4AD8-A215-E194B78D3970}.Release|x64.Build.0 = Release|x64
		{021B6DF7-245A-4AD8-A215-E194B78D3970}.Release|x86.ActiveCfg = Release|Win32
		{021B6DF7-245A-4AD8-A215-E194B78D3970}.Release|x86.Build.0 = Release|Win32
		{B09EE63F-03F7-42B4-96A7-72591EF3DC88}.Debug|x64.ActiveCfg = Debug|x64
		{B09EE63F-03F7-42B4-96A7-72591EF3DC88}.Debug|x64.Build.0 = Debug|x64
		{B09EE63F-03F7-42B4-96A7-72591EF3DC88}.Debug|x86.ActiveCfg = Debug|Win32
		{B09EE63F-03F7-42B4-96A7-72591EF3DC88}.Debug|x86.Build.0 = Debug|Win32
		{B09EE63F-03F7-42B4-96A7-72591EF3DC88}.Release|x64.ActiveCfg = Release|x64
		{B09EE63F-03F7-42B4-96A7-72591EF3DC88}.Release|x64.Build.0 = Release|x64
		{B09EE63F-03F7-42B4-96A7-72591EF3DC88}.Release|x86.ActiveCfg = Release|Win32
		{B09EE63F-03F7-42B4-96A7-72591EF3DC88}.Release|x86.Build.0 = Release|Win32
		{338DF6A2-5B4D-41F2-ADC1-B84CE44D9A56}.Debug|x64.ActiveCfg = Debug|x64
		{338DF6A2-5B4D-41F2-ADC1-B84CE44D9A56}.Debug|x64.Build.0 = Debug|x64
		{338DF6A2-5B4D-41F2-ADC1-B84CE44D9A56}.Debug|x86.ActiveCfg = Debug|Win32
		{338DF6A2-5B4D-41F2-ADC1-B84CE44D9A56}.Debug|x86.Build.0 = Debug|Win32
		{338DF6A2-5B4D-41F2-ADC1-B84CE44D9A56}.Release|x64.ActiveCfg = Release|x64
		{338DF6A2-5B4D-41F2-ADC1-B84CE44D9A56}.Release|x64.Build.0 = Release|x64
		{338DF6A2-5B4D-41F2-ADC1-B84CE44D9A56}.Release|x86.ActiveCfg = Release|Win32
		{338DF6A2-5B4D-41F2-ADC1-B84CE44D9A56}.Release|x86.Build.0 = Release|Win32
		{B673ECC9-257C-46E7-B778-54F5452AF2D2}.Debug|x64.ActiveCfg = Debug|x64
		{B673ECC9-257C-46E7-B778-54F5452AF2D2}.Debug|x64.Build.0 = Debug|x64
		{B673ECC9-257C-46E7-B778-54F5452AF2D2}.Debug|x86.ActiveCfg = Debug|Win32
		{B673ECC9-257C-46E7-B778-54F5452AF2D2}.Debug|x86.Build.0 = Debug|Win32
		{B673ECC9-257C-46E7-B778-54F5452AF2D2}.Release|x64.ActiveCfg = Release|x64
		{B673ECC9-257C-46E7-B778-54F5452AF2D2}.Release|x64.Build.0 = Release|x64
		{B673ECC9-257C-46E7-B778-54F5452AF2D2}.Release|x86.ActiveCfg = Release|Win32
		{B673ECC9-257C-46E7-B778-54F5452AF2D2}.Release|x86.Build.0 = Release|Win32
		{E2829231-D938-48A3-956C-E77E0BBA77A5}.Debug|x64.ActiveCfg = Debug|x64
		{E2829231-D938-48A3-956C-E77E0BBA77A5}.Debug|x64.Build.0 = Debug|x64
		{E2829231-D938-48A3-956C-E77E0BBA77A5}.Debug|x86.ActiveCfg = Debug|Win32
		{E2829231-D938-48A3-956C-E77E0BBA77A5}.Debug|x86.Build.0 = Debug|Win32
		{E2829231-D938-48A3-956C-E77E0BBA77A5}.Release|x64.ActiveCfg = Release|x64
		{E2829231-D938-48A3-956C-E77E0BBA77A5}.Release|x64.Build.0 = Release|x64
		{E2829231-D938-48A3-956C-E77E0BBA77A5}.Release|x86.ActiveCfg = Release|Win32
		{E2829231-D938-48A3-956C-E77E0BBA77A5}.Release|x86.Build.0 = Release|Win32
		{4D2F7EB7-76B8-4729-BC15-484CA2283DC1}.Debug|x64.ActiveCfg = Debug|x64
		{4D2F7EB7-76B8-4729-BC15-484CA2283DC1}.Debug|x64.Build.0 = Debug|x64
		{4D2F7EB7-76B8-4729-BC15-484CA2283DC1}.Debug|x86.ActiveCfg = Debug|Win32
		{4D2F7EB7-76B8-4729-BC15-484CA2283DC1}.Debug|x86.Build.0 = Debug|Win32
		{4D2F7EB7-76B8-4729-BC15-484CA2283DC1}.Release|x64.ActiveCfg = Release|x64
		{4D2F7EB7-76B8-4729-BC15-484CA2283DC1}.Release|x64.Build.0 = Release|x64
		{4D2F7EB7-76B8-4729-BC15-484CA2283DC1}.Release|x86.ActiveCfg = Release|Win32
		{4D2F7EB7-76B8-4729-BC15-484CA2283DC1}.Release|x86.Build.0 = Release|Win32
		{57512298-1D05-4184-9A1B-D25BCD4E260B}.Debug|x64.ActiveCfg = Debug|x64
		{57512298-1D05-4184-9A1B-D25BCD4E260B}.Debug|x64.Build.0 = Debug|x64
		{57512298-1D05-4184-9A1B-D25BCD4E260B}.Debug|x86.ActiveCfg = Debug|Win32
		{57512298-1D05-4184-9A1B-D25BCD4E260B}.Debug|x86.Build.0 = Debug|Win32
		{57512298-1D05-4184-9A1B-D25BCD4E260B}.Release|x64.ActiveCfg = Release|x64
		{57512298-1D05-4184-9A1B-D25BCD4E260B}.Release|x64.Build.0 = Release|x64
		{57512298-1D05-4184-9A1B-D25BCD4E260B}.Release|x86.ActiveCfg = Release|Win32
		{57512298-1D05-4184-9A1B-D25BCD4E260B}.Release|x86.Build.0 = Release|Win32
		{B13C06DA-0B14-4534-80E4-B117D0048EEC}.Debug|x64.ActiveCfg = Debug|x64
		{B13C06DA-0B14-4534-80E4-B117D0048EEC}.Debug|x64.Build.0 = Debug|x64
		{B13C06DA-0B14-4534-80E4-B117D0048EEC}.Debug|x86.ActiveCfg = Debug|Win32
		{B13C06DA-0B14-4534-80E4-B117D0048EEC}.Debug|x86.Build.0 = Debug|Win32
		{B13C06DA-0B14-4534-80E4-B117D0048EEC}.Release|x64.ActiveCfg = Release|x64
		{B13C06DA-0B14-4534-80E4-B117D0048EEC}.Release|x64.Build.0 = Release|x64
		{B13C06DA-0B14-4534-80E4-B117D0048EEC}.Release|x86.ActiveCfg = Release|Win32
		{B13C06DA-0B14-4534-80E4-B117D0048EEC}.Release|x86.Build.0 = Release|Win32
		{8BAC117E-3A58-440F-9E3B-7D878D077376}.Debug|x64.ActiveCfg = Debug|x64
		{8BAC117E-3A58-440F-9E3B-7D878D077376}.Debug|x64.Build.0 = Debug|x64
		{8BAC117E-3A58-440F-9E3B-7D878D077376}.Debug|x86.ActiveCfg = Debug|Win32
		{8BAC117E-3A58-440F-9E3B-7D878D077376}.Debug|x86.Build.0 = Debug|Win32
		{8BAC117E-3A58-440F-9E3B-7D878D077376}.Release|x64.ActiveCfg = Release|x64
		{8BAC117E-3A58-440F-9E3B-7D878D077376}.Release|x64.Build.0 = Release|x64
		{8BAC117E-3A58-440F-9E3B-7D878D077376}.Release|x86.ActiveCfg = Release|Win32
		{8BAC117E-3A58-440F-9E3B-7D878D077376}.Release|x86.Build.0 = Release|Win32
		{0D153BB6-38F2-401A-B4B4-A3718BCE7DF3}.Debug|x64.ActiveCfg = Debug|x64
		{0D153BB6-38F2-401A-B4B4-A3718BCE7DF3}.Debug|x64.Build.0 = Debug|x64
		{0D153BB6-38F2-401A-B4B4-A3718BCE7DF3}.Debug|x86.ActiveCfg = Debug|Win32
		{0D153BB6-38F2-401A-B4B4-A3718BCE7DF3}.Debug|x86.Build.0 = Debug|Win32
		{0D153BB6-38F2-401A-B4B4-A3718BCE7DF3}.Release|x64.ActiveCfg = Release|x64
		{0D153BB6-38F2-401A-B4B4-A3718BCE7DF3}.Release|x64.Build.0 = Release|x64
		{0D153BB6-38F2-401A-B4B4-A3718BCE7DF3}.Release|x86.ActiveCfg = Release|Win32
		{0D153BB6-38F2-401A-B4B4-A3718BCE7DF3}.Release|x86.Build.0 = Release|Win32
		{E9C5C9B9-F467-4EBD-9DBF-7F88022EA247}.Debug|x64.ActiveCfg = Debug|x64
		{E9C5C9B9-F467-4EBD-9DBF-7F88022EA247}.Debug|x64.Build.0 = Debug|x64
		{E9C5C9B9-F467-4EBD-9DBF-7F88022EA247}.Debug|x86.ActiveCfg = Debug|Win32
		{E9C5C9B9-F467-4EBD-9DBF-7F88022EA247}.Debug|x86.Build.0 = Debug|Win32
		{E9C5C9B9-F467-4EBD-9DBF-7F88022EA247}.Release|x64.ActiveCfg = Release|x64
		{E9C5C9B9-F467-4EBD-9DBF-7F88022EA247}.Release|x64.Build.0 = Release|x64
		{E9C5C9B9-F467-4EBD-9DBF-7F88022EA247}.Release|x86.ActiveCfg = Release|Win32
		{E9C5C9B9-F467-4EBD-9DBF-7F88022EA247}.Release|x86.Build.0 = Release|Win32
		{47C650B9-8A7F-4B5D-B344-3E698BBCC1B6}.Debug|x64.ActiveCfg = Debug|x64
		{47C650B9-8A7F-4B5D-B344-3E698BBCC1B6}.Debug|x64.Build.0 = Debug|x64
		{47C650B9-8A7F-4B5D-B344-3E698BBCC1B6}.Debug|x86.ActiveCfg = Debug|Win32
		{47C650B9-8A7F-4B5D-B344-3E698BBCC1B6}.Debug|x86.Build.0 = Debug|Win32
		{47C650B9-8A7F-4B5D-B344-3E698BBCC1B6}.Release|x64.ActiveCfg = Release|x64
		{47C650B9-8A7F-4B5D-B344-3E698BBCC1B6}.Release|x64.Build.0 = Release|x64
		{47C650B9-8A7F-4B5D-B344-3E698BBCC1B6}.Release|x86.ActiveCfg = Release|Win32
		{47C650B9-8A7F-4B5D-B344-3E698BBCC1B6}.Release|x86.Build.0 = Release|Win32
		{97D23D68-2A9E-427E-BF1A-68E342372C4F}.Debug|x64.ActiveCfg = Debug|x64
		{97D23D68-2A9E-427E-BF1A-68E342372C4F}.Debug|x64.Build.0 = Debug|x64
		{97D23D68-2A9E-427E-BF1A-68E342372C4F}.Debug|x86.ActiveCfg = Debug|Win32
		{97D23D68-2A9E-427E-BF1A-68E342372C4F}.Debug|x86.Build.0 = Debug|Win32
		{97D23D68-2A9E-427E-BF1A-68E342372C4F}.Release|x64.ActiveCfg = Release|x64
		{97D23D68-2A9E-427E-BF1A-68E342372C4F}.Release|x64.Build.0 = Release|x64
		{97D23D68-2A9E-427E-BF1A-68E342372C4F}.Release|x86.ActiveCfg = Release|Win32
		{97D23D68-2A9E-427E-BF1A-68E342372C4F}.Release|x86.Build.0 = Release|Win32
		{7EC12084-B31B-46DA-910F-484860065E1B}.Debug|x64.ActiveCfg = Debug|x64
		{7EC12084-B31B-46DA-910F-484860065E1B}.Debug|x64.Build.0 = Debug|x64
		{7EC12084-B31B-46DA-910F-484860065E1B}.Debug|x86.ActiveCfg = Debug|Win32
		{7EC12084-B31B-46DA-910F-484860065E1B}.Debug|x86.Build.0 = Debug|Win32
		{7EC12084-B31B-46DA-910F-484860065E1B}.Release|x64.ActiveCfg = Release|x64
		{7EC12084-B31B-46DA-910F-484860065E1B}.Release|x64.Build.0 = Release|x64
		{7EC12084-B31B-46DA-910F-484860065E1B}.Release|x86.ActiveCfg = Release|Win32
		{7EC12084-B31B-46DA-910F-484860065E1B}.Release|x86.Build.0 = Release|Win32
		{1790AD39-EC69-4316-B69C-C560F4C47A72}.Debug|x64.ActiveCfg = Debug|x64
		{1790AD39-EC69-4316-B69C-C560F4C47A72}.Debug|x64.Build.0 = Debug|x64
		{1790AD39-EC69-4316-B69C-C560F4C47A72}.Debug|x86.ActiveCfg = Debug|Win32
		{1790AD39-EC69-4316-B69C-C560F4C47A72}.Debug|x86.Build.0 = Debug|Win32
		{1790AD39-EC69-4316-B69C-C560F4C47A72}.Release|x64.ActiveCfg = Release|x64
		{1790AD39-EC69-4316-B69C-C560F4C47A72}.Release|x64.Build.0 = Release|x64
		{1790AD39-EC69-4316-B69C-C560F4C47A72}.Release|x86.ActiveCfg = Release|Win32
		{1790AD39-EC69-4316-B69C-C560F4C47A72}.Release|x86.Build.0 = Release|Win32
		{7ECF2CC0-F24B-4B11-9DDC-787C773C90BA}.Debug|x64.ActiveCfg = Debug|x64
		{7ECF2CC0-F24B-4B11-9DDC-787C773C90BA}.Debug|x64.Build.0 = Debug|x64
		{7ECF2CC0-F24B-4B11-9DDC-787C773C90BA}.Debug|x86.ActiveCfg = Debug|Win32
		{7ECF2CC0-F24B-4B11-9DDC-787C773C90BA}.Debug|x86.Build.0 = Debug|Win32
		{7ECF2CC0-F24B-4B11-9DDC-787C773C90BA}.Release|x64.ActiveCfg = Release|x64
		{7ECF2CC0-F24B-4B11-9DDC-787C773C90BA}.Release|x64.Build.0 = Release|x64
		{7ECF2CC0-F24B-4B11-9DDC-787C773C90BA}.Release|x86.ActiveCfg = Release|Win32
		{7ECF2CC0-F24B-4B11-9DDC-787C773C90BA}.Release|x86.Build.0 = Release|Win32
		{AC01A5C0-F1A5-47C9-91CE-487272B93CD2}.Debug|x64.ActiveCfg = Debug|x64
		{AC01A5C0-F1A5-47C9-91CE-487272B93CD2}.Debug|x64.Build.0 = Debug|x64
		{AC01A5C0-F1A5-47C9-91CE-487272B93CD2}.Debug|x86.ActiveCfg = Debug|Win32
		{AC01A5C0-F1A5-47C9-91CE-487272B93CD2}.Debug|x86.Build.0 = Debug|Win32
		{AC01A5C0-F1A5-47C9-91CE-487272B93CD2}.Release|x64.ActiveCfg = Release|x64
		{AC01A5C0-F1A5-47C9-91CE-487272B93CD2}.Release|x64.Build.0 = Release|x64
		{AC01A5C0-F1A5-47C9-91CE-487272B93CD2}.Release|x86.ActiveCfg = Release|Win32
		{AC01A5C0-F1A5-47C9-91CE-487272B93CD2}.Release|x86.Build.0 = Release|Win32
		{6625DF6C-798B-4AB4-93ED-03BBAB101639}.Debug|x64.ActiveCfg = Debug|x64
		{6625DF6C-798B-4AB4-93ED-03BBAB101639}.Debug|x64.Build.0 = Debug|x64
		{6625DF6C-798B-4AB4-93ED-03BBAB101639}.Debug|x86.ActiveCfg = Debug|Win32
		{6625DF6C-798B-4AB4-93ED-03BBAB101639}.Debug|x86.Build.0 = Debug|Win32
		{6625DF6C-798B-4AB4-93ED-03BBAB101639}.Release|x64.ActiveCfg = Release|x64
		{6625DF6C-798B-4AB4-93ED-03BBAB101639}.Release|x64.Build.0 = Release|x64
		{6625DF6C-798B-4AB4-93ED-03BBAB101639}.Release|x86.ActiveCfg = Release|Win32
		{6625DF6C-798B-4AB4-93ED-03BBAB101639}.Release|x86.Build.0 = Release|Win32
		{CD2CD960-1EFE-4217-B144-9FF8159E47AA}.Debug|x64.ActiveCfg = Debug|x64
		{CD2CD960-1EFE-4217-B144-9FF8159E47AA}.Debug|x64.Build.0 = Debug|x64
		{CD2CD960-1EFE-4217-B144-9FF8159E47AA}.Debug|x86.ActiveCfg = Debug|Win32
		{CD2CD960-1EFE-4217-B144-9FF8159E47AA}.Debug|x86.Build.0 = Debug|Win32
		{CD2CD960-1EFE-4217-B144-9FF8159E47AA}.Release|x64.ActiveCfg = Release|x64
		{CD2CD960-1EFE-4217-B144-9FF8159E47AA}.Release|x64.Build.0 = Release|x64
		{CD2CD960-1EFE-4217-B144-9FF8159E47AA}.Release|x86.ActiveCfg = Release|Win32
		{CD2CD960-1EFE-4217-B144-9FF8159E47AA}.Release|x86.Build.0 = Release|Win32
		{B24BDC5C-9264-4D1E-83FD-CE770106B70A}.Debug|x64.ActiveCfg = Debug|x64
		{B24BDC5C-9264-4D1E-83FD-CE770106B70A}.Debug|x64.Build.0 = Debug|x64
		{B24BDC5C-9264-4D1E-83FD-CE770106B70A}.Debug|x86.ActiveCfg = Debug|Win32
		{B24BDC5C-9264-4D1E-83FD-CE770106B70A}.Debug|x86.Build.0 = Debug|Win32
		{B24BDC5C-9264-4D1E-83FD-CE770106B70A}.Release|x64.ActiveCfg = Release|x64
		{B24BDC5C-9264-4D1E-83FD-CE770106B70A}.Release|x64.Build.0 = Release|x64
		{B24BDC5C-9264-4D1E-83FD-CE770106B70A}.Release|x86.ActiveCfg = Release|Win32
		{B24BDC5C-9264-4D1E-83FD-CE770106B70A}.Release|x86.Build.0 = Release|Win32
		{978D9B75-6C78-4C65-9EEE-1C68D385D3FF}.Debug|x64.ActiveCfg = Debug|x64
		{978D9B75-6C78-4C65-9EEE-1C68D385D3FF}.Debug|x64.Build.0 = Debug|x64
		{978D9B75-6C78-4C65-9EEE-1C68D385D3FF}.Debug|x86.ActiveCfg = Debug|Win32
		{978D9B75-6C78-4C65-9EEE-1C68D385D3FF}.Debug|x86.Build.0 = Debug|Win32
		{978D9B75-6C78-4C65-9EEE-1C68D385D3FF}.Release|x64.ActiveCfg = Release|x64
		{978D9B75-6C78-4C65-9EEE-1C68D385D3FF}.Release|x64.Build.0 = Release|x64
		{978D9B75-6C78-4C65-9EEE-1C68D385D3FF}.Release|x86.ActiveCfg = Release|Win32
		{978D9B75-6C78-4C65-9EEE-1C68D385D3FF}.Release|x86.Build.0 = Release|Win32
		{40EA237D-1C34-4E82-A050-61E852377150}.Debug|x64.ActiveCfg = Debug|x64
		{40EA237D-1C34-4E82-A050-61E852377150}.Debug|x64.Build.0 = Debug|x64
		{40EA237D-1C34-4E82-A050-61E852377150}.Debug|x86.ActiveCfg = Debug|Win32
		{40EA237D-1C34-4E82-A050-61E852377150}.Debug|x86.Build.0 = Debug|Win32
		{40EA237D-1C34-4E82-A050-61E852377150}.Release|x64.ActiveCfg = Release|x64
		{40EA237D-1C34-4E82-A050-61E852377150}.Release|x64.Build.0 = Release|x64
		{40EA237D-1C34-4E82-A050-61E852377150}.Release|x86.ActiveCfg = Release|Win32
		{40EA237D-1C34-4E82-A050-61E852377150}.Release|x86.Build.0 = Release|Win32
		{6D3CB5C8-11D3-4BE4-ADB8-D2717E85F754}.Debug|x64.ActiveCfg = Debug|x64
		{6D3CB5C8-11D3-4BE4-ADB8-D2717E85F754}.Debug|x64.Build.0 = Debug|x64
		{6D3CB5C8-11D3-4BE4-ADB8-D2717E85F754}.Debug|x86.ActiveCfg = Debug|Win32
		{6D3CB5C8-11D3-4BE4-ADB8-D2717E85F754}.Debug|x86.Build.0 = Debug|Win32
		{6D3CB5C8-11D3-4BE4-ADB8-D2717E85F754}.Release|x64.ActiveCfg = Release|x64
		{6D3CB5C8-11D3-4BE4-ADB8-D2717E85F754}.Release|x64.Build.0 = Release|x64
		{6D3CB5C8-11D3-4BE4-ADB8-D2717E85F754}.Release|x86.ActiveCfg = Release|Win32
		{6D3CB5C8-11D3-4BE4-ADB8-D2717E85F754}.Release|x86.Build.0 = Release|Win32
		{57533814-11BB-487F-AF48-55CEAB82CC61}.Debug|x64.ActiveCfg = Debug|x64
		{57533814-11BB-487F-AF48-55CEAB82CC61}.Debug|x64.Build.0 = Debug|x64
		{57533814-11BB-487F-AF48-55CEAB82CC61}.Debug|x86.ActiveCfg = Debug|Win32
		{57533814-11BB-487F-AF48-55CEAB82CC61}.Debug|x86.Build.0 = Debug|Win32
		{57533814-11BB-487F-AF48-55CEAB82CC61}.Release|x64.ActiveCfg = Release|x64
		{57533814-11BB-487F-AF48-55CEAB82CC61}.Release|x64.Build.0 = Release|x64
		{57533814-11BB-487F-AF48-55CEAB82CC61}.Release|x86.ActiveCfg = Release|Win32
		{57533814-11BB-487F-AF48-55CEAB82CC61}.Release|x86.Build.0 = Release|Win32
		{047F7E9D-FD21-450D-A896-CF60ADFBE4E6}.Debug|x64.ActiveCfg = Debug|x64
		{047F7E9D-FD21-450D-A896-CF60ADFBE4E6}.Debug|x64.Build.0 = Debug|x64
		{047F7E9D-FD21-450D-A896-CF60ADFBE4E6}.Debug|x86.ActiveCfg = Debug|Win32
		{047F7E9D-FD21-450D-A896-CF60ADFBE4E6}.Debug|x86.Build.0 = Debug|Win32
		{047F7E9D-FD21-450D-A896-CF60ADFBE4E6}.Release|x64.ActiveCfg = Release|x64
		{047F7E9D-FD21-450D-A896-CF60ADFBE4E6}.Release|x64.Build.0 = Release|x64
		{047F7E9D-FD21-450D-A896-CF60ADFBE4E6}.Release|x86.ActiveCfg = Release|Win32
		{047F7E9D-FD21-450D-A896-CF60ADFBE4E6}.Release|x86.Build.0 = Release|Win32
	EndGlobalSection
	GlobalSection(SolutionProperties) = preSolution
		HideSolutionNode = FALSE
	EndGlobalSection
	GlobalSection(ExtensibilityGlobals) = postSolution
		SolutionGuid = {7BE04C73-DC7D-40F9-8F97-0620557EDA99}
	EndGlobalSection
EndGlobal
