
Microsoft Visual Studio Solution File, Format Version 12.00
# Visual Studio Version 17
VisualStudioVersion = 17.5.33530.505
MinimumVisualStudioVersion = 10.0.40219.1
Project("{8BC9CEB8-8B4A-11D0-8D11-00A0C91BC942}") = "Problem 1", "Problem 1\Problem 1.vcxproj", "{5FB275CA-CF5B-4331-82CE-6D42E1E16066}"
EndProject
Project("{8BC9CEB8-8B4A-11D0-8D11-00A0C91BC942}") = "Problem 2", "Problem 2\Problem 2.vcxproj", "{BE33C464-77D8-4D4E-83DC-03C1682BC7C6}"
EndProject
Project("{8BC9CEB8-8B4A-11D0-8D11-00A0C91BC942}") = "Problem 3", "Problem 3\Problem 3.vcxproj", "{9F83410B-6C83-4877-998A-A7C74B86F79E}"
EndProject
Project("{8BC9CEB8-8B4A-11D0-8D11-00A0C91BC942}") = "Problem 4", "Problem 4\Problem 4.vcxproj", "{5C8E171A-8EBB-4A35-85C1-1C63F3635161}"
EndProject
Project("{8BC9CEB8-8B4A-11D0-8D11-00A0C91BC942}") = "Problem 5", "Problem 5\Problem 5.vcxproj", "{588ECB7D-205B-4D6E-83A5-4D7A661AB7E8}"
EndProject
Project("{8BC9CEB8-8B4A-11D0-8D11-00A0C91BC942}") = "Problem 6", "Problem 6\Problem 6.vcxproj", "{A54054C1-900B-4D6F-B3E3-5260D7B38EB6}"
EndProject
Project("{8BC9CEB8-8B4A-11D0-8D11-00A0C91BC942}") = "Problem 7", "Problem 7\Problem 7.vcxproj", "{240136F3-19AE-4FA5-8F06-D82F94A308C0}"
EndProject
Project("{8BC9CEB8-8B4A-11D0-8D11-00A0C91BC942}") = "Problem 8", "Problem 8\Problem 8.vcxproj", "{469CC136-6C68-419D-A3BD-B1A8A33FE707}"
EndProject
Project("{8BC9CEB8-8B4A-11D0-8D11-00A0C91BC942}") = "Problem 9", "Problem 9\Problem 9.vcxproj", "{C1D87F30-AB10-4F66-8502-9E8787325B98}"
EndProject
Project("{8BC9CEB8-8B4A-11D0-8D11-00A0C91BC942}") = "Problem 10", "Problem 10\Problem 10.vcxproj", "{C55D8736-07ED-49FB-BB51-85027B03E4EC}"
EndProject
Project("{8BC9CEB8-8B4A-11D0-8D11-00A0C91BC942}") = "Problem 11", "Problem 11\Problem 11.vcxproj", "{86E6923A-3756-4A9E-8C64-1C320DA86BBB}"
EndProject
Project("{8BC9CEB8-8B4A-11D0-8D11-00A0C91BC942}") = "Problem 12", "Problem 12\Problem 12.vcxproj", "{64B525B3-130A-4F35-A9E5-AD2CDAF00D89}"
EndProject
Project("{8BC9CEB8-8B4A-11D0-8D11-00A0C91BC942}") = "Problem 13", "Problem 13\Problem 13.vcxproj", "{048C0EBE-F063-49B4-AB90-9038A89B4234}"
EndProject
Project("{8BC9CEB8-8B4A-11D0-8D11-00A0C91BC942}") = "Problem 14", "Problem 14\Problem 14.vcxproj", "{79D6B883-7BD0-45E2-9FF5-AEB9430FD077}"
EndProject
Project("{8BC9CEB8-8B4A-11D0-8D11-00A0C91BC942}") = "Problem 15", "Problem 15\Problem 15.vcxproj", "{7F485854-D2A9-4D84-802A-854EF15E52B8}"
EndProject
Project("{8BC9CEB8-8B4A-11D0-8D11-00A0C91BC942}") = "Problem 16", "Problem 16\Problem 16.vcxproj", "{2930EBB6-31E3-499B-9684-455337719562}"
EndProject
Project("{8BC9CEB8-8B4A-11D0-8D11-00A0C91BC942}") = "Problem 17", "Problem 17\Problem 17.vcxproj", "{56767E9C-E0F8-418D-8A63-2D0F45452FB3}"
EndProject
Project("{8BC9CEB8-8B4A-11D0-8D11-00A0C91BC942}") = "Problem 18", "Problem 18\Problem 18.vcxproj", "{D44DA8FB-CD9A-4BDD-9B96-FBD21AAD0BAD}"
EndProject
Project("{8BC9CEB8-8B4A-11D0-8D11-00A0C91BC942}") = "Problem 19", "Problem 19\Problem 19.vcxproj", "{799AFCF5-86ED-496F-8A2C-134D8F4B2806}"
EndProject
Project("{8BC9CEB8-8B4A-11D0-8D11-00A0C91BC942}") = "Problem 20", "Problem 20\Problem 20.vcxproj", "{B370E62F-6A21-4342-80D0-DC3A70AC4AD5}"
EndProject
Project("{8BC9CEB8-8B4A-11D0-8D11-00A0C91BC942}") = "Problem 21", "Problem 21\Problem 21.vcxproj", "{2BF4629E-7848-44E3-BD2C-33B2A6972298}"
EndProject
Project("{8BC9CEB8-8B4A-11D0-8D11-00A0C91BC942}") = "Problem 22", "Problem 22\Problem 22.vcxproj", "{5EFC5FFA-816C-46EC-B1AF-3522ECBAC088}"
EndProject
Project("{8BC9CEB8-8B4A-11D0-8D11-00A0C91BC942}") = "Problem 23", "Problem 23\Problem 23.vcxproj", "{AAA2F158-BA5D-4C37-9B6B-FC80C35D9325}"
EndProject
Project("{8BC9CEB8-8B4A-11D0-8D11-00A0C91BC942}") = "Problem 24", "Problem 24\Problem 24.vcxproj", "{84817EA1-B02F-4A8F-B5FA-4F8C354BE492}"
EndProject
Project("{8BC9CEB8-8B4A-11D0-8D11-00A0C91BC942}") = "Problem 25", "Problem 25\Problem 25.vcxproj", "{82314965-1213-4262-910D-658DCC4EE44E}"
EndProject
Project("{8BC9CEB8-8B4A-11D0-8D11-00A0C91BC942}") = "Problem 26", "Problem 26\Problem 26.vcxproj", "{1D835935-055F-401C-9280-615DEF00EA52}"
EndProject
Project("{8BC9CEB8-8B4A-11D0-8D11-00A0C91BC942}") = "Problem 27", "Problem 27\Problem 27.vcxproj", "{208BDFEC-64AB-4496-A46D-0015A57DF02A}"
EndProject
Project("{8BC9CEB8-8B4A-11D0-8D11-00A0C91BC942}") = "Problem 28", "Problem 28\Problem 28.vcxproj", "{F6309CB6-AD92-42D2-A643-204EFB22C939}"
EndProject
Project("{8BC9CEB8-8B4A-11D0-8D11-00A0C91BC942}") = "Problem 29", "Problem 29\Problem 29.vcxproj", "{A5558773-4328-47FA-A918-25CC6374E8AE}"
EndProject
Project("{8BC9CEB8-8B4A-11D0-8D11-00A0C91BC942}") = "Problem 30", "Problem 30\Problem 30.vcxproj", "{FF2348AC-B493-4B72-8981-D5193822E57D}"
EndProject
Project("{8BC9CEB8-8B4A-11D0-8D11-00A0C91BC942}") = "Problem 31", "Problem 31\Problem 31.vcxproj", "{05F5FC38-2D0C-4829-9126-20E7BA10C194}"
EndProject
Project("{8BC9CEB8-8B4A-11D0-8D11-00A0C91BC942}") = "Problem 32", "Problem 32\Problem 32.vcxproj", "{BF47E59B-5DBD-4185-A77B-B6568006E874}"
EndProject
Project("{8BC9CEB8-8B4A-11D0-8D11-00A0C91BC942}") = "Problem 33", "Problem 33\Problem 33.vcxproj", "{7D1CB804-08B3-4CBD-9BDD-F4555FE5AB3A}"
EndProject
Project("{8BC9CEB8-8B4A-11D0-8D11-00A0C91BC942}") = "Problem 34", "Problem 34\Problem 34.vcxproj", "{017CC906-FB61-4DF3-B9CF-294633C8BAE7}"
EndProject
Project("{8BC9CEB8-8B4A-11D0-8D11-00A0C91BC942}") = "Problem 35", "Problem 35\Problem 35.vcxproj", "{41BB067B-701D-42FD-9F57-25B665056F55}"
EndProject
Project("{8BC9CEB8-8B4A-11D0-8D11-00A0C91BC942}") = "Problem 36", "Problem 36\Problem 36.vcxproj", "{805962D4-A430-4F43-953B-96DE97F5C5C2}"
EndProject
Project("{8BC9CEB8-8B4A-11D0-8D11-00A0C91BC942}") = "Problem 37", "Problem 37\Problem 37.vcxproj", "{9C820E3B-7219-4E25-8E9A-73163B8027A9}"
EndProject
Project("{8BC9CEB8-8B4A-11D0-8D11-00A0C91BC942}") = "Problem 38", "Problem 38\Problem 38.vcxproj", "{768FB791-CEFF-4CF1-AC1C-3290426EFD8B}"
EndProject
Project("{8BC9CEB8-8B4A-11D0-8D11-00A0C91BC942}") = "Problem 39", "Problem 39\Problem 39.vcxproj", "{29DA46AE-80A4-4138-9C1F-E28667B5B1FA}"
EndProject
Project("{8BC9CEB8-8B4A-11D0-8D11-00A0C91BC942}") = "Problem 40", "Problem 40\Problem 40.vcxproj", "{3ABEDB58-392A-40BD-8FDA-3838BBAF35E3}"
EndProject
Project("{8BC9CEB8-8B4A-11D0-8D11-00A0C91BC942}") = "Problem 41", "Problem 41\Problem 41.vcxproj", "{7BCC9862-3841-4363-8A27-A19E7E6B4D79}"
EndProject
Project("{8BC9CEB8-8B4A-11D0-8D11-00A0C91BC942}") = "Problem 42", "Problem 42\Problem 42.vcxproj", "{7878C292-42E9-482D-B232-B5FED89DE814}"
EndProject
Project("{8BC9CEB8-8B4A-11D0-8D11-00A0C91BC942}") = "Problem 43", "Problem 43\Problem 43.vcxproj", "{0987CCB9-F661-4635-A4DB-363CC184C0B1}"
EndProject
Project("{8BC9CEB8-8B4A-11D0-8D11-00A0C91BC942}") = "Problem 44", "Problem 44\Problem 44.vcxproj", "{B0D394E6-E590-4BD4-9B87-0D755B4BB00D}"
EndProject
Project("{8BC9CEB8-8B4A-11D0-8D11-00A0C91BC942}") = "Problem 45", "Problem 45\Problem 45.vcxproj", "{1CFEFECE-4F64-4F5C-A88A-C6BDA99A28C7}"
EndProject
Project("{8BC9CEB8-8B4A-11D0-8D11-00A0C91BC942}") = "Problem 46", "Problem 46\Problem 46.vcxproj", "{4D8E159B-D1DC-46CC-B930-83037A072B60}"
EndProject
Project("{8BC9CEB8-8B4A-11D0-8D11-00A0C91BC942}") = "Problem 47", "Problem 47\Problem 47.vcxproj", "{13E633E4-63AA-41FB-BE90-1F4D718A200C}"
EndProject
Project("{8BC9CEB8-8B4A-11D0-8D11-00A0C91BC942}") = "Problem 48", "Problem 48\Problem 48.vcxproj", "{0C3C2271-EB1A-45B7-B923-6C2D358F0AD2}"
EndProject
Project("{8BC9CEB8-8B4A-11D0-8D11-00A0C91BC942}") = "Problem 49", "Problem 49\Problem 49.vcxproj", "{92114D02-51F4-4AD7-88D9-3587574196B7}"
EndProject
Project("{8BC9CEB8-8B4A-11D0-8D11-00A0C91BC942}") = "Problem 50", "Problem 50\Problem 50.vcxproj", "{D08E9794-EB54-4B41-AC9F-D7C4D2DCFB02}"
EndProject
Project("{8BC9CEB8-8B4A-11D0-8D11-00A0C91BC942}") = "Problem 51", "Problem 51\Problem 51.vcxproj", "{59100EEE-6F4B-47F9-B40A-A989A9C30895}"
EndProject
Project("{8BC9CEB8-8B4A-11D0-8D11-00A0C91BC942}") = "Problem 52", "Problem 52\Problem 52.vcxproj", "{85B58BF7-B495-458E-ADFA-D481D4631BE9}"
EndProject
Project("{8BC9CEB8-8B4A-11D0-8D11-00A0C91BC942}") = "Problem 53", "Problem 53\Problem 53.vcxproj", "{224FF7F4-2FCB-42A2-97FB-FF76C5527A37}"
EndProject
Project("{8BC9CEB8-8B4A-11D0-8D11-00A0C91BC942}") = "Problem 54", "Problem 54\Problem 54.vcxproj", "{AA620957-5928-4BBB-AA5C-0A2062A68F5A}"
EndProject
Project("{8BC9CEB8-8B4A-11D0-8D11-00A0C91BC942}") = "Problem 55", "Problem 55\Problem 55.vcxproj", "{14A3B0DF-99D5-40DC-8A8A-B0C7F20CC18A}"
EndProject
Global
	GlobalSection(SolutionConfigurationPlatforms) = preSolution
		Debug|x64 = Debug|x64
		Debug|x86 = Debug|x86
		Release|x64 = Release|x64
		Release|x86 = Release|x86
	EndGlobalSection
	GlobalSection(ProjectConfigurationPlatforms) = postSolution
		{5FB275CA-CF5B-4331-82CE-6D42E1E16066}.Debug|x64.ActiveCfg = Debug|x64
		{5FB275CA-CF5B-4331-82CE-6D42E1E16066}.Debug|x64.Build.0 = Debug|x64
		{5FB275CA-CF5B-4331-82CE-6D42E1E16066}.Debug|x86.ActiveCfg = Debug|Win32
		{5FB275CA-CF5B-4331-82CE-6D42E1E16066}.Debug|x86.Build.0 = Debug|Win32
		{5FB275CA-CF5B-4331-82CE-6D42E1E16066}.Release|x64.ActiveCfg = Release|x64
		{5FB275CA-CF5B-4331-82CE-6D42E1E16066}.Release|x64.Build.0 = Release|x64
		{5FB275CA-CF5B-4331-82CE-6D42E1E16066}.Release|x86.ActiveCfg = Release|Win32
		{5FB275CA-CF5B-4331-82CE-6D42E1E16066}.Release|x86.Build.0 = Release|Win32
		{BE33C464-77D8-4D4E-83DC-03C1682BC7C6}.Debug|x64.ActiveCfg = Debug|x64
		{BE33C464-77D8-4D4E-83DC-03C1682BC7C6}.Debug|x64.Build.0 = Debug|x64
		{BE33C464-77D8-4D4E-83DC-03C1682BC7C6}.Debug|x86.ActiveCfg = Debug|Win32
		{BE33C464-77D8-4D4E-83DC-03C1682BC7C6}.Debug|x86.Build.0 = Debug|Win32
		{BE33C464-77D8-4D4E-83DC-03C1682BC7C6}.Release|x64.ActiveCfg = Release|x64
		{BE33C464-77D8-4D4E-83DC-03C1682BC7C6}.Release|x64.Build.0 = Release|x64
		{BE33C464-77D8-4D4E-83DC-03C1682BC7C6}.Release|x86.ActiveCfg = Release|Win32
		{BE33C464-77D8-4D4E-83DC-03C1682BC7C6}.Release|x86.Build.0 = Release|Win32
		{9F83410B-6C83-4877-998A-A7C74B86F79E}.Debug|x64.ActiveCfg = Debug|x64
		{9F83410B-6C83-4877-998A-A7C74B86F79E}.Debug|x64.Build.0 = Debug|x64
		{9F83410B-6C83-4877-998A-A7C74B86F79E}.Debug|x86.ActiveCfg = Debug|Win32
		{9F83410B-6C83-4877-998A-A7C74B86F79E}.Debug|x86.Build.0 = Debug|Win32
		{9F83410B-6C83-4877-998A-A7C74B86F79E}.Release|x64.ActiveCfg = Release|x64
		{9F83410B-6C83-4877-998A-A7C74B86F79E}.Release|x64.Build.0 = Release|x64
		{9F83410B-6C83-4877-998A-A7C74B86F79E}.Release|x86.ActiveCfg = Release|Win32
		{9F83410B-6C83-4877-998A-A7C74B86F79E}.Release|x86.Build.0 = Release|Win32
		{5C8E171A-8EBB-4A35-85C1-1C63F3635161}.Debug|x64.ActiveCfg = Debug|x64
		{5C8E171A-8EBB-4A35-85C1-1C63F3635161}.Debug|x64.Build.0 = Debug|x64
		{5C8E171A-8EBB-4A35-85C1-1C63F3635161}.Debug|x86.ActiveCfg = Debug|Win32
		{5C8E171A-8EBB-4A35-85C1-1C63F3635161}.Debug|x86.Build.0 = Debug|Win32
		{5C8E171A-8EBB-4A35-85C1-1C63F3635161}.Release|x64.ActiveCfg = Release|x64
		{5C8E171A-8EBB-4A35-85C1-1C63F3635161}.Release|x64.Build.0 = Release|x64
		{5C8E171A-8EBB-4A35-85C1-1C63F3635161}.Release|x86.ActiveCfg = Release|Win32
		{5C8E171A-8EBB-4A35-85C1-1C63F3635161}.Release|x86.Build.0 = Release|Win32
		{588ECB7D-205B-4D6E-83A5-4D7A661AB7E8}.Debug|x64.ActiveCfg = Debug|x64
		{588ECB7D-205B-4D6E-83A5-4D7A661AB7E8}.Debug|x64.Build.0 = Debug|x64
		{588ECB7D-205B-4D6E-83A5-4D7A661AB7E8}.Debug|x86.ActiveCfg = Debug|Win32
		{588ECB7D-205B-4D6E-83A5-4D7A661AB7E8}.Debug|x86.Build.0 = Debug|Win32
		{588ECB7D-205B-4D6E-83A5-4D7A661AB7E8}.Release|x64.ActiveCfg = Release|x64
		{588ECB7D-205B-4D6E-83A5-4D7A661AB7E8}.Release|x64.Build.0 = Release|x64
		{588ECB7D-205B-4D6E-83A5-4D7A661AB7E8}.Release|x86.ActiveCfg = Release|Win32
		{588ECB7D-205B-4D6E-83A5-4D7A661AB7E8}.Release|x86.Build.0 = Release|Win32
		{A54054C1-900B-4D6F-B3E3-5260D7B38EB6}.Debug|x64.ActiveCfg = Debug|x64
		{A54054C1-900B-4D6F-B3E3-5260D7B38EB6}.Debug|x64.Build.0 = Debug|x64
		{A54054C1-900B-4D6F-B3E3-5260D7B38EB6}.Debug|x86.ActiveCfg = Debug|Win32
		{A54054C1-900B-4D6F-B3E3-5260D7B38EB6}.Debug|x86.Build.0 = Debug|Win32
		{A54054C1-900B-4D6F-B3E3-5260D7B38EB6}.Release|x64.ActiveCfg = Release|x64
		{A54054C1-900B-4D6F-B3E3-5260D7B38EB6}.Release|x64.Build.0 = Release|x64
		{A54054C1-900B-4D6F-B3E3-5260D7B38EB6}.Release|x86.ActiveCfg = Release|Win32
		{A54054C1-900B-4D6F-B3E3-5260D7B38EB6}.Release|x86.Build.0 = Release|Win32
		{240136F3-19AE-4FA5-8F06-D82F94A308C0}.Debug|x64.ActiveCfg = Debug|x64
		{240136F3-19AE-4FA5-8F06-D82F94A308C0}.Debug|x64.Build.0 = Debug|x64
		{240136F3-19AE-4FA5-8F06-D82F94A308C0}.Debug|x86.ActiveCfg = Debug|Win32
		{240136F3-19AE-4FA5-8F06-D82F94A308C0}.Debug|x86.Build.0 = Debug|Win32
		{240136F3-19AE-4FA5-8F06-D82F94A308C0}.Release|x64.ActiveCfg = Release|x64
		{240136F3-19AE-4FA5-8F06-D82F94A308C0}.Release|x64.Build.0 = Release|x64
		{240136F3-19AE-4FA5-8F06-D82F94A308C0}.Release|x86.ActiveCfg = Release|Win32
		{240136F3-19AE-4FA5-8F06-D82F94A308C0}.Release|x86.Build.0 = Release|Win32
		{469CC136-6C68-419D-A3BD-B1A8A33FE707}.Debug|x64.ActiveCfg = Debug|x64
		{469CC136-6C68-419D-A3BD-B1A8A33FE707}.Debug|x64.Build.0 = Debug|x64
		{469CC136-6C68-419D-A3BD-B1A8A33FE707}.Debug|x86.ActiveCfg = Debug|Win32
		{469CC136-6C68-419D-A3BD-B1A8A33FE707}.Debug|x86.Build.0 = Debug|Win32
		{469CC136-6C68-419D-A3BD-B1A8A33FE707}.Release|x64.ActiveCfg = Release|x64
		{469CC136-6C68-419D-A3BD-B1A8A33FE707}.Release|x64.Build.0 = Release|x64
		{469CC136-6C68-419D-A3BD-B1A8A33FE707}.Release|x86.ActiveCfg = Release|Win32
		{469CC136-6C68-419D-A3BD-B1A8A33FE707}.Release|x86.Build.0 = Release|Win32
		{C1D87F30-AB10-4F66-8502-9E8787325B98}.Debug|x64.ActiveCfg = Debug|x64
		{C1D87F30-AB10-4F66-8502-9E8787325B98}.Debug|x64.Build.0 = Debug|x64
		{C1D87F30-AB10-4F66-8502-9E8787325B98}.Debug|x86.ActiveCfg = Debug|Win32
		{C1D87F30-AB10-4F66-8502-9E8787325B98}.Debug|x86.Build.0 = Debug|Win32
		{C1D87F30-AB10-4F66-8502-9E8787325B98}.Release|x64.ActiveCfg = Release|x64
		{C1D87F30-AB10-4F66-8502-9E8787325B98}.Release|x64.Build.0 = Release|x64
		{C1D87F30-AB10-4F66-8502-9E8787325B98}.Release|x86.ActiveCfg = Release|Win32
		{C1D87F30-AB10-4F66-8502-9E8787325B98}.Release|x86.Build.0 = Release|Win32
		{C55D8736-07ED-49FB-BB51-85027B03E4EC}.Debug|x64.ActiveCfg = Debug|x64
		{C55D8736-07ED-49FB-BB51-85027B03E4EC}.Debug|x64.Build.0 = Debug|x64
		{C55D8736-07ED-49FB-BB51-85027B03E4EC}.Debug|x86.ActiveCfg = Debug|Win32
		{C55D8736-07ED-49FB-BB51-85027B03E4EC}.Debug|x86.Build.0 = Debug|Win32
		{C55D8736-07ED-49FB-BB51-85027B03E4EC}.Release|x64.ActiveCfg = Release|x64
		{C55D8736-07ED-49FB-BB51-85027B03E4EC}.Release|x64.Build.0 = Release|x64
		{C55D8736-07ED-49FB-BB51-85027B03E4EC}.Release|x86.ActiveCfg = Release|Win32
		{C55D8736-07ED-49FB-BB51-85027B03E4EC}.Release|x86.Build.0 = Release|Win32
		{86E6923A-3756-4A9E-8C64-1C320DA86BBB}.Debug|x64.ActiveCfg = Debug|x64
		{86E6923A-3756-4A9E-8C64-1C320DA86BBB}.Debug|x64.Build.0 = Debug|x64
		{86E6923A-3756-4A9E-8C64-1C320DA86BBB}.Debug|x86.ActiveCfg = Debug|Win32
		{86E6923A-3756-4A9E-8C64-1C320DA86BBB}.Debug|x86.Build.0 = Debug|Win32
		{86E6923A-3756-4A9E-8C64-1C320DA86BBB}.Release|x64.ActiveCfg = Release|x64
		{86E6923A-3756-4A9E-8C64-1C320DA86BBB}.Release|x64.Build.0 = Release|x64
		{86E6923A-3756-4A9E-8C64-1C320DA86BBB}.Release|x86.ActiveCfg = Release|Win32
		{86E6923A-3756-4A9E-8C64-1C320DA86BBB}.Release|x86.Build.0 = Release|Win32
		{64B525B3-130A-4F35-A9E5-AD2CDAF00D89}.Debug|x64.ActiveCfg = Debug|x64
		{64B525B3-130A-4F35-A9E5-AD2CDAF00D89}.Debug|x64.Build.0 = Debug|x64
		{64B525B3-130A-4F35-A9E5-AD2CDAF00D89}.Debug|x86.ActiveCfg = Debug|Win32
		{64B525B3-130A-4F35-A9E5-AD2CDAF00D89}.Debug|x86.Build.0 = Debug|Win32
		{64B525B3-130A-4F35-A9E5-AD2CDAF00D89}.Release|x64.ActiveCfg = Release|x64
		{64B525B3-130A-4F35-A9E5-AD2CDAF00D89}.Release|x64.Build.0 = Release|x64
		{64B525B3-130A-4F35-A9E5-AD2CDAF00D89}.Release|x86.ActiveCfg = Release|Win32
		{64B525B3-130A-4F35-A9E5-AD2CDAF00D89}.Release|x86.Build.0 = Release|Win32
		{048C0EBE-F063-49B4-AB90-9038A89B4234}.Debug|x64.ActiveCfg = Debug|x64
		{048C0EBE-F063-49B4-AB90-9038A89B4234}.Debug|x64.Build.0 = Debug|x64
		{048C0EBE-F063-49B4-AB90-9038A89B4234}.Debug|x86.ActiveCfg = Debug|Win32
		{048C0EBE-F063-49B4-AB90-9038A89B4234}.Debug|x86.Build.0 = Debug|Win32
		{048C0EBE-F063-49B4-AB90-9038A89B4234}.Release|x64.ActiveCfg = Release|x64
		{048C0EBE-F063-49B4-AB90-9038A89B4234}.Release|x64.Build.0 = Release|x64
		{048C0EBE-F063-49B4-AB90-9038A89B4234}.Release|x86.ActiveCfg = Release|Win32
		{048C0EBE-F063-49B4-AB90-9038A89B4234}.Release|x86.Build.0 = Release|Win32
		{79D6B883-7BD0-45E2-9FF5-AEB9430FD077}.Debug|x64.ActiveCfg = Debug|x64
		{79D6B883-7BD0-45E2-9FF5-AEB9430FD077}.Debug|x64.Build.0 = Debug|x64
		{79D6B883-7BD0-45E2-9FF5-AEB9430FD077}.Debug|x86.ActiveCfg = Debug|Win32
		{79D6B883-7BD0-45E2-9FF5-AEB9430FD077}.Debug|x86.Build.0 = Debug|Win32
		{79D6B883-7BD0-45E2-9FF5-AEB9430FD077}.Release|x64.ActiveCfg = Release|x64
		{79D6B883-7BD0-45E2-9FF5-AEB9430FD077}.Release|x64.Build.0 = Release|x64
		{79D6B883-7BD0-45E2-9FF5-AEB9430FD077}.Release|x86.ActiveCfg = Release|Win32
		{79D6B883-7BD0-45E2-9FF5-AEB9430FD077}.Release|x86.Build.0 = Release|Win32
		{7F485854-D2A9-4D84-802A-854EF15E52B8}.Debug|x64.ActiveCfg = Debug|x64
		{7F485854-D2A9-4D84-802A-854EF15E52B8}.Debug|x64.Build.0 = Debug|x64
		{7F485854-D2A9-4D84-802A-854EF15E52B8}.Debug|x86.ActiveCfg = Debug|Win32
		{7F485854-D2A9-4D84-802A-854EF15E52B8}.Debug|x86.Build.0 = Debug|Win32
		{7F485854-D2A9-4D84-802A-854EF15E52B8}.Release|x64.ActiveCfg = Release|x64
		{7F485854-D2A9-4D84-802A-854EF15E52B8}.Release|x64.Build.0 = Release|x64
		{7F485854-D2A9-4D84-802A-854EF15E52B8}.Release|x86.ActiveCfg = Release|Win32
		{7F485854-D2A9-4D84-802A-854EF15E52B8}.Release|x86.Build.0 = Release|Win32
		{2930EBB6-31E3-499B-9684-455337719562}.Debug|x64.ActiveCfg = Debug|x64
		{2930EBB6-31E3-499B-9684-455337719562}.Debug|x64.Build.0 = Debug|x64
		{2930EBB6-31E3-499B-9684-455337719562}.Debug|x86.ActiveCfg = Debug|Win32
		{2930EBB6-31E3-499B-9684-455337719562}.Debug|x86.Build.0 = Debug|Win32
		{2930EBB6-31E3-499B-9684-455337719562}.Release|x64.ActiveCfg = Release|x64
		{2930EBB6-31E3-499B-9684-455337719562}.Release|x64.Build.0 = Release|x64
		{2930EBB6-31E3-499B-9684-455337719562}.Release|x86.ActiveCfg = Release|Win32
		{2930EBB6-31E3-499B-9684-455337719562}.Release|x86.Build.0 = Release|Win32
		{56767E9C-E0F8-418D-8A63-2D0F45452FB3}.Debug|x64.ActiveCfg = Debug|x64
		{56767E9C-E0F8-418D-8A63-2D0F45452FB3}.Debug|x64.Build.0 = Debug|x64
		{56767E9C-E0F8-418D-8A63-2D0F45452FB3}.Debug|x86.ActiveCfg = Debug|Win32
		{56767E9C-E0F8-418D-8A63-2D0F45452FB3}.Debug|x86.Build.0 = Debug|Win32
		{56767E9C-E0F8-418D-8A63-2D0F45452FB3}.Release|x64.ActiveCfg = Release|x64
		{56767E9C-E0F8-418D-8A63-2D0F45452FB3}.Release|x64.Build.0 = Release|x64
		{56767E9C-E0F8-418D-8A63-2D0F45452FB3}.Release|x86.ActiveCfg = Release|Win32
		{56767E9C-E0F8-418D-8A63-2D0F45452FB3}.Release|x86.Build.0 = Release|Win32
		{D44DA8FB-CD9A-4BDD-9B96-FBD21AAD0BAD}.Debug|x64.ActiveCfg = Debug|x64
		{D44DA8FB-CD9A-4BDD-9B96-FBD21AAD0BAD}.Debug|x64.Build.0 = Debug|x64
		{D44DA8FB-CD9A-4BDD-9B96-FBD21AAD0BAD}.Debug|x86.ActiveCfg = Debug|Win32
		{D44DA8FB-CD9A-4BDD-9B96-FBD21AAD0BAD}.Debug|x86.Build.0 = Debug|Win32
		{D44DA8FB-CD9A-4BDD-9B96-FBD21AAD0BAD}.Release|x64.ActiveCfg = Release|x64
		{D44DA8FB-CD9A-4BDD-9B96-FBD21AAD0BAD}.Release|x64.Build.0 = Release|x64
		{D44DA8FB-CD9A-4BDD-9B96-FBD21AAD0BAD}.Release|x86.ActiveCfg = Release|Win32
		{D44DA8FB-CD9A-4BDD-9B96-FBD21AAD0BAD}.Release|x86.Build.0 = Release|Win32
		{799AFCF5-86ED-496F-8A2C-134D8F4B2806}.Debug|x64.ActiveCfg = Debug|x64
		{799AFCF5-86ED-496F-8A2C-134D8F4B2806}.Debug|x64.Build.0 = Debug|x64
		{799AFCF5-86ED-496F-8A2C-134D8F4B2806}.Debug|x86.ActiveCfg = Debug|Win32
		{799AFCF5-86ED-496F-8A2C-134D8F4B2806}.Debug|x86.Build.0 = Debug|Win32
		{799AFCF5-86ED-496F-8A2C-134D8F4B2806}.Release|x64.ActiveCfg = Release|x64
		{799AFCF5-86ED-496F-8A2C-134D8F4B2806}.Release|x64.Build.0 = Release|x64
		{799AFCF5-86ED-496F-8A2C-134D8F4B2806}.Release|x86.ActiveCfg = Release|Win32
		{799AFCF5-86ED-496F-8A2C-134D8F4B2806}.Release|x86.Build.0 = Release|Win32
		{B370E62F-6A21-4342-80D0-DC3A70AC4AD5}.Debug|x64.ActiveCfg = Debug|x64
		{B370E62F-6A21-4342-80D0-DC3A70AC4AD5}.Debug|x64.Build.0 = Debug|x64
		{B370E62F-6A21-4342-80D0-DC3A70AC4AD5}.Debug|x86.ActiveCfg = Debug|Win32
		{B370E62F-6A21-4342-80D0-DC3A70AC4AD5}.Debug|x86.Build.0 = Debug|Win32
		{B370E62F-6A21-4342-80D0-DC3A70AC4AD5}.Release|x64.ActiveCfg = Release|x64
		{B370E62F-6A21-4342-80D0-DC3A70AC4AD5}.Release|x64.Build.0 = Release|x64
		{B370E62F-6A21-4342-80D0-DC3A70AC4AD5}.Release|x86.ActiveCfg = Release|Win32
		{B370E62F-6A21-4342-80D0-DC3A70AC4AD5}.Release|x86.Build.0 = Release|Win32
		{2BF4629E-7848-44E3-BD2C-33B2A6972298}.Debug|x64.ActiveCfg = Debug|x64
		{2BF4629E-7848-44E3-BD2C-33B2A6972298}.Debug|x64.Build.0 = Debug|x64
		{2BF4629E-7848-44E3-BD2C-33B2A6972298}.Debug|x86.ActiveCfg = Debug|Win32
		{2BF4629E-7848-44E3-BD2C-33B2A6972298}.Debug|x86.Build.0 = Debug|Win32
		{2BF4629E-7848-44E3-BD2C-33B2A6972298}.Release|x64.ActiveCfg = Release|x64
		{2BF4629E-7848-44E3-BD2C-33B2A6972298}.Release|x64.Build.0 = Release|x64
		{2BF4629E-7848-44E3-BD2C-33B2A6972298}.Release|x86.ActiveCfg = Release|Win32
		{2BF4629E-7848-44E3-BD2C-33B2A6972298}.Release|x86.Build.0 = Release|Win32
		{5EFC5FFA-816C-46EC-B1AF-3522ECBAC088}.Debug|x64.ActiveCfg = Debug|x64
		{5EFC5FFA-816C-46EC-B1AF-3522ECBAC088}.Debug|x64.Build.0 = Debug|x64
		{5EFC5FFA-816C-46EC-B1AF-3522ECBAC088}.Debug|x86.ActiveCfg = Debug|Win32
		{5EFC5FFA-816C-46EC-B1AF-3522ECBAC088}.Debug|x86.Build.0 = Debug|Win32
		{5EFC5FFA-816C-46EC-B1AF-3522ECBAC088}.Release|x64.ActiveCfg = Release|x64
		{5EFC5FFA-816C-46EC-B1AF-3522ECBAC088}.Release|x64.Build.0 = Release|x64
		{5EFC5FFA-816C-46EC-B1AF-3522ECBAC088}.Release|x86.ActiveCfg = Release|Win32
		{5EFC5FFA-816C-46EC-B1AF-3522ECBAC088}.Release|x86.Build.0 = Release|Win32
		{AAA2F158-BA5D-4C37-9B6B-FC80C35D9325}.Debug|x64.ActiveCfg = Debug|x64
		{AAA2F158-BA5D-4C37-9B6B-FC80C35D9325}.Debug|x64.Build.0 = Debug|x64
		{AAA2F158-BA5D-4C37-9B6B-FC80C35D9325}.Debug|x86.ActiveCfg = Debug|Win32
		{AAA2F158-BA5D-4C37-9B6B-FC80C35D9325}.Debug|x86.Build.0 = Debug|Win32
		{AAA2F158-BA5D-4C37-9B6B-FC80C35D9325}.Release|x64.ActiveCfg = Release|x64
		{AAA2F158-BA5D-4C37-9B6B-FC80C35D9325}.Release|x64.Build.0 = Release|x64
		{AAA2F158-BA5D-4C37-9B6B-FC80C35D9325}.Release|x86.ActiveCfg = Release|Win32
		{AAA2F158-BA5D-4C37-9B6B-FC80C35D9325}.Release|x86.Build.0 = Release|Win32
		{84817EA1-B02F-4A8F-B5FA-4F8C354BE492}.Debug|x64.ActiveCfg = Debug|x64
		{84817EA1-B02F-4A8F-B5FA-4F8C354BE492}.Debug|x64.Build.0 = Debug|x64
		{84817EA1-B02F-4A8F-B5FA-4F8C354BE492}.Debug|x86.ActiveCfg = Debug|Win32
		{84817EA1-B02F-4A8F-B5FA-4F8C354BE492}.Debug|x86.Build.0 = Debug|Win32
		{84817EA1-B02F-4A8F-B5FA-4F8C354BE492}.Release|x64.ActiveCfg = Release|x64
		{84817EA1-B02F-4A8F-B5FA-4F8C354BE492}.Release|x64.Build.0 = Release|x64
		{84817EA1-B02F-4A8F-B5FA-4F8C354BE492}.Release|x86.ActiveCfg = Release|Win32
		{84817EA1-B02F-4A8F-B5FA-4F8C354BE492}.Release|x86.Build.0 = Release|Win32
		{82314965-1213-4262-910D-658DCC4EE44E}.Debug|x64.ActiveCfg = Debug|x64
		{82314965-1213-4262-910D-658DCC4EE44E}.Debug|x64.Build.0 = Debug|x64
		{82314965-1213-4262-910D-658DCC4EE44E}.Debug|x86.ActiveCfg = Debug|Win32
		{82314965-1213-4262-910D-658DCC4EE44E}.Debug|x86.Build.0 = Debug|Win32
		{82314965-1213-4262-910D-658DCC4EE44E}.Release|x64.ActiveCfg = Release|x64
		{82314965-1213-4262-910D-658DCC4EE44E}.Release|x64.Build.0 = Release|x64
		{82314965-1213-4262-910D-658DCC4EE44E}.Release|x86.ActiveCfg = Release|Win32
		{82314965-1213-4262-910D-658DCC4EE44E}.Release|x86.Build.0 = Release|Win32
		{1D835935-055F-401C-9280-615DEF00EA52}.Debug|x64.ActiveCfg = Debug|x64
		{1D835935-055F-401C-9280-615DEF00EA52}.Debug|x64.Build.0 = Debug|x64
		{1D835935-055F-401C-9280-615DEF00EA52}.Debug|x86.ActiveCfg = Debug|Win32
		{1D835935-055F-401C-9280-615DEF00EA52}.Debug|x86.Build.0 = Debug|Win32
		{1D835935-055F-401C-9280-615DEF00EA52}.Release|x64.ActiveCfg = Release|x64
		{1D835935-055F-401C-9280-615DEF00EA52}.Release|x64.Build.0 = Release|x64
		{1D835935-055F-401C-9280-615DEF00EA52}.Release|x86.ActiveCfg = Release|Win32
		{1D835935-055F-401C-9280-615DEF00EA52}.Release|x86.Build.0 = Release|Win32
		{208BDFEC-64AB-4496-A46D-0015A57DF02A}.Debug|x64.ActiveCfg = Debug|x64
		{208BDFEC-64AB-4496-A46D-0015A57DF02A}.Debug|x64.Build.0 = Debug|x64
		{208BDFEC-64AB-4496-A46D-0015A57DF02A}.Debug|x86.ActiveCfg = Debug|Win32
		{208BDFEC-64AB-4496-A46D-0015A57DF02A}.Debug|x86.Build.0 = Debug|Win32
		{208BDFEC-64AB-4496-A46D-0015A57DF02A}.Release|x64.ActiveCfg = Release|x64
		{208BDFEC-64AB-4496-A46D-0015A57DF02A}.Release|x64.Build.0 = Release|x64
		{208BDFEC-64AB-4496-A46D-0015A57DF02A}.Release|x86.ActiveCfg = Release|Win32
		{208BDFEC-64AB-4496-A46D-0015A57DF02A}.Release|x86.Build.0 = Release|Win32
		{F6309CB6-AD92-42D2-A643-204EFB22C939}.Debug|x64.ActiveCfg = Debug|x64
		{F6309CB6-AD92-42D2-A643-204EFB22C939}.Debug|x64.Build.0 = Debug|x64
		{F6309CB6-AD92-42D2-A643-204EFB22C939}.Debug|x86.ActiveCfg = Debug|Win32
		{F6309CB6-AD92-42D2-A643-204EFB22C939}.Debug|x86.Build.0 = Debug|Win32
		{F6309CB6-AD92-42D2-A643-204EFB22C939}.Release|x64.ActiveCfg = Release|x64
		{F6309CB6-AD92-42D2-A643-204EFB22C939}.Release|x64.Build.0 = Release|x64
		{F6309CB6-AD92-42D2-A643-204EFB22C939}.Release|x86.ActiveCfg = Release|Win32
		{F6309CB6-AD92-42D2-A643-204EFB22C939}.Release|x86.Build.0 = Release|Win32
		{A5558773-4328-47FA-A918-25CC6374E8AE}.Debug|x64.ActiveCfg = Debug|x64
		{A5558773-4328-47FA-A918-25CC6374E8AE}.Debug|x64.Build.0 = Debug|x64
		{A5558773-4328-47FA-A918-25CC6374E8AE}.Debug|x86.ActiveCfg = Debug|Win32
		{A5558773-4328-47FA-A918-25CC6374E8AE}.Debug|x86.Build.0 = Debug|Win32
		{A5558773-4328-47FA-A918-25CC6374E8AE}.Release|x64.ActiveCfg = Release|x64
		{A5558773-4328-47FA-A918-25CC6374E8AE}.Release|x64.Build.0 = Release|x64
		{A5558773-4328-47FA-A918-25CC6374E8AE}.Release|x86.ActiveCfg = Release|Win32
		{A5558773-4328-47FA-A918-25CC6374E8AE}.Release|x86.Build.0 = Release|Win32
		{FF2348AC-B493-4B72-8981-D5193822E57D}.Debug|x64.ActiveCfg = Debug|x64
		{FF2348AC-B493-4B72-8981-D5193822E57D}.Debug|x64.Build.0 = Debug|x64
		{FF2348AC-B493-4B72-8981-D5193822E57D}.Debug|x86.ActiveCfg = Debug|Win32
		{FF2348AC-B493-4B72-8981-D5193822E57D}.Debug|x86.Build.0 = Debug|Win32
		{FF2348AC-B493-4B72-8981-D5193822E57D}.Release|x64.ActiveCfg = Release|x64
		{FF2348AC-B493-4B72-8981-D5193822E57D}.Release|x64.Build.0 = Release|x64
		{FF2348AC-B493-4B72-8981-D5193822E57D}.Release|x86.ActiveCfg = Release|Win32
		{FF2348AC-B493-4B72-8981-D5193822E57D}.Release|x86.Build.0 = Release|Win32
		{05F5FC38-2D0C-4829-9126-20E7BA10C194}.Debug|x64.ActiveCfg = Debug|x64
		{05F5FC38-2D0C-4829-9126-20E7BA10C194}.Debug|x64.Build.0 = Debug|x64
		{05F5FC38-2D0C-4829-9126-20E7BA10C194}.Debug|x86.ActiveCfg = Debug|Win32
		{05F5FC38-2D0C-4829-9126-20E7BA10C194}.Debug|x86.Build.0 = Debug|Win32
		{05F5FC38-2D0C-4829-9126-20E7BA10C194}.Release|x64.ActiveCfg = Release|x64
		{05F5FC38-2D0C-4829-9126-20E7BA10C194}.Release|x64.Build.0 = Release|x64
		{05F5FC38-2D0C-4829-9126-20E7BA10C194}.Release|x86.ActiveCfg = Release|Win32
		{05F5FC38-2D0C-4829-9126-20E7BA10C194}.Release|x86.Build.0 = Release|Win32
		{BF47E59B-5DBD-4185-A77B-B6568006E874}.Debug|x64.ActiveCfg = Debug|x64
		{BF47E59B-5DBD-4185-A77B-B6568006E874}.Debug|x64.Build.0 = Debug|x64
		{BF47E59B-5DBD-4185-A77B-B6568006E874}.Debug|x86.ActiveCfg = Debug|Win32
		{BF47E59B-5DBD-4185-A77B-B6568006E874}.Debug|x86.Build.0 = Debug|Win32
		{BF47E59B-5DBD-4185-A77B-B6568006E874}.Release|x64.ActiveCfg = Release|x64
		{BF47E59B-5DBD-4185-A77B-B6568006E874}.Release|x64.Build.0 = Release|x64
		{BF47E59B-5DBD-4185-A77B-B6568006E874}.Release|x86.ActiveCfg = Release|Win32
		{BF47E59B-5DBD-4185-A77B-B6568006E874}.Release|x86.Build.0 = Release|Win32
		{7D1CB804-08B3-4CBD-9BDD-F4555FE5AB3A}.Debug|x64.ActiveCfg = Debug|x64
		{7D1CB804-08B3-4CBD-9BDD-F4555FE5AB3A}.Debug|x64.Build.0 = Debug|x64
		{7D1CB804-08B3-4CBD-9BDD-F4555FE5AB3A}.Debug|x86.ActiveCfg = Debug|Win32
		{7D1CB804-08B3-4CBD-9BDD-F4555FE5AB3A}.Debug|x86.Build.0 = Debug|Win32
		{7D1CB804-08B3-4CBD-9BDD-F4555FE5AB3A}.Release|x64.ActiveCfg = Release|x64
		{7D1CB804-08B3-4CBD-9BDD-F4555FE5AB3A}.Release|x64.Build.0 = Release|x64
		{7D1CB804-08B3-4CBD-9BDD-F4555FE5AB3A}.Release|x86.ActiveCfg = Release|Win32
		{7D1CB804-08B3-4CBD-9BDD-F4555FE5AB3A}.Release|x86.Build.0 = Release|Win32
		{017CC906-FB61-4DF3-B9CF-294633C8BAE7}.Debug|x64.ActiveCfg = Debug|x64
		{017CC906-FB61-4DF3-B9CF-294633C8BAE7}.Debug|x64.Build.0 = Debug|x64
		{017CC906-FB61-4DF3-B9CF-294633C8BAE7}.Debug|x86.ActiveCfg = Debug|Win32
		{017CC906-FB61-4DF3-B9CF-294633C8BAE7}.Debug|x86.Build.0 = Debug|Win32
		{017CC906-FB61-4DF3-B9CF-294633C8BAE7}.Release|x64.ActiveCfg = Release|x64
		{017CC906-FB61-4DF3-B9CF-294633C8BAE7}.Release|x64.Build.0 = Release|x64
		{017CC906-FB61-4DF3-B9CF-294633C8BAE7}.Release|x86.ActiveCfg = Release|Win32
		{017CC906-FB61-4DF3-B9CF-294633C8BAE7}.Release|x86.Build.0 = Release|Win32
		{41BB067B-701D-42FD-9F57-25B665056F55}.Debug|x64.ActiveCfg = Debug|x64
		{41BB067B-701D-42FD-9F57-25B665056F55}.Debug|x64.Build.0 = Debug|x64
		{41BB067B-701D-42FD-9F57-25B665056F55}.Debug|x86.ActiveCfg = Debug|Win32
		{41BB067B-701D-42FD-9F57-25B665056F55}.Debug|x86.Build.0 = Debug|Win32
		{41BB067B-701D-42FD-9F57-25B665056F55}.Release|x64.ActiveCfg = Release|x64
		{41BB067B-701D-42FD-9F57-25B665056F55}.Release|x64.Build.0 = Release|x64
		{41BB067B-701D-42FD-9F57-25B665056F55}.Release|x86.ActiveCfg = Release|Win32
		{41BB067B-701D-42FD-9F57-25B665056F55}.Release|x86.Build.0 = Release|Win32
		{805962D4-A430-4F43-953B-96DE97F5C5C2}.Debug|x64.ActiveCfg = Debug|x64
		{805962D4-A430-4F43-953B-96DE97F5C5C2}.Debug|x64.Build.0 = Debug|x64
		{805962D4-A430-4F43-953B-96DE97F5C5C2}.Debug|x86.ActiveCfg = Debug|Win32
		{805962D4-A430-4F43-953B-96DE97F5C5C2}.Debug|x86.Build.0 = Debug|Win32
		{805962D4-A430-4F43-953B-96DE97F5C5C2}.Release|x64.ActiveCfg = Release|x64
		{805962D4-A430-4F43-953B-96DE97F5C5C2}.Release|x64.Build.0 = Release|x64
		{805962D4-A430-4F43-953B-96DE97F5C5C2}.Release|x86.ActiveCfg = Release|Win32
		{805962D4-A430-4F43-953B-96DE97F5C5C2}.Release|x86.Build.0 = Release|Win32
		{9C820E3B-7219-4E25-8E9A-73163B8027A9}.Debug|x64.ActiveCfg = Debug|x64
		{9C820E3B-7219-4E25-8E9A-73163B8027A9}.Debug|x64.Build.0 = Debug|x64
		{9C820E3B-7219-4E25-8E9A-73163B8027A9}.Debug|x86.ActiveCfg = Debug|Win32
		{9C820E3B-7219-4E25-8E9A-73163B8027A9}.Debug|x86.Build.0 = Debug|Win32
		{9C820E3B-7219-4E25-8E9A-73163B8027A9}.Release|x64.ActiveCfg = Release|x64
		{9C820E3B-7219-4E25-8E9A-73163B8027A9}.Release|x64.Build.0 = Release|x64
		{9C820E3B-7219-4E25-8E9A-73163B8027A9}.Release|x86.ActiveCfg = Release|Win32
		{9C820E3B-7219-4E25-8E9A-73163B8027A9}.Release|x86.Build.0 = Release|Win32
		{768FB791-CEFF-4CF1-AC1C-3290426EFD8B}.Debug|x64.ActiveCfg = Debug|x64
		{768FB791-CEFF-4CF1-AC1C-3290426EFD8B}.Debug|x64.Build.0 = Debug|x64
		{768FB791-CEFF-4CF1-AC1C-3290426EFD8B}.Debug|x86.ActiveCfg = Debug|Win32
		{768FB791-CEFF-4CF1-AC1C-3290426EFD8B}.Debug|x86.Build.0 = Debug|Win32
		{768FB791-CEFF-4CF1-AC1C-3290426EFD8B}.Release|x64.ActiveCfg = Release|x64
		{768FB791-CEFF-4CF1-AC1C-3290426EFD8B}.Release|x64.Build.0 = Release|x64
		{768FB791-CEFF-4CF1-AC1C-3290426EFD8B}.Release|x86.ActiveCfg = Release|Win32
		{768FB791-CEFF-4CF1-AC1C-3290426EFD8B}.Release|x86.Build.0 = Release|Win32
		{29DA46AE-80A4-4138-9C1F-E28667B5B1FA}.Debug|x64.ActiveCfg = Debug|x64
		{29DA46AE-80A4-4138-9C1F-E28667B5B1FA}.Debug|x64.Build.0 = Debug|x64
		{29DA46AE-80A4-4138-9C1F-E28667B5B1FA}.Debug|x86.ActiveCfg = Debug|Win32
		{29DA46AE-80A4-4138-9C1F-E28667B5B1FA}.Debug|x86.Build.0 = Debug|Win32
		{29DA46AE-80A4-4138-9C1F-E28667B5B1FA}.Release|x64.ActiveCfg = Release|x64
		{29DA46AE-80A4-4138-9C1F-E28667B5B1FA}.Release|x64.Build.0 = Release|x64
		{29DA46AE-80A4-4138-9C1F-E28667B5B1FA}.Release|x86.ActiveCfg = Release|Win32
		{29DA46AE-80A4-4138-9C1F-E28667B5B1FA}.Release|x86.Build.0 = Release|Win32
		{3ABEDB58-392A-40BD-8FDA-3838BBAF35E3}.Debug|x64.ActiveCfg = Debug|x64
		{3ABEDB58-392A-40BD-8FDA-3838BBAF35E3}.Debug|x64.Build.0 = Debug|x64
		{3ABEDB58-392A-40BD-8FDA-3838BBAF35E3}.Debug|x86.ActiveCfg = Debug|Win32
		{3ABEDB58-392A-40BD-8FDA-3838BBAF35E3}.Debug|x86.Build.0 = Debug|Win32
		{3ABEDB58-392A-40BD-8FDA-3838BBAF35E3}.Release|x64.ActiveCfg = Release|x64
		{3ABEDB58-392A-40BD-8FDA-3838BBAF35E3}.Release|x64.Build.0 = Release|x64
		{3ABEDB58-392A-40BD-8FDA-3838BBAF35E3}.Release|x86.ActiveCfg = Release|Win32
		{3ABEDB58-392A-40BD-8FDA-3838BBAF35E3}.Release|x86.Build.0 = Release|Win32
		{7BCC9862-3841-4363-8A27-A19E7E6B4D79}.Debug|x64.ActiveCfg = Debug|x64
		{7BCC9862-3841-4363-8A27-A19E7E6B4D79}.Debug|x64.Build.0 = Debug|x64
		{7BCC9862-3841-4363-8A27-A19E7E6B4D79}.Debug|x86.ActiveCfg = Debug|Win32
		{7BCC9862-3841-4363-8A27-A19E7E6B4D79}.Debug|x86.Build.0 = Debug|Win32
		{7BCC9862-3841-4363-8A27-A19E7E6B4D79}.Release|x64.ActiveCfg = Release|x64
		{7BCC9862-3841-4363-8A27-A19E7E6B4D79}.Release|x64.Build.0 = Release|x64
		{7BCC9862-3841-4363-8A27-A19E7E6B4D79}.Release|x86.ActiveCfg = Release|Win32
		{7BCC9862-3841-4363-8A27-A19E7E6B4D79}.Release|x86.Build.0 = Release|Win32
		{7878C292-42E9-482D-B232-B5FED89DE814}.Debug|x64.ActiveCfg = Debug|x64
		{7878C292-42E9-482D-B232-B5FED89DE814}.Debug|x64.Build.0 = Debug|x64
		{7878C292-42E9-482D-B232-B5FED89DE814}.Debug|x86.ActiveCfg = Debug|Win32
		{7878C292-42E9-482D-B232-B5FED89DE814}.Debug|x86.Build.0 = Debug|Win32
		{7878C292-42E9-482D-B232-B5FED89DE814}.Release|x64.ActiveCfg = Release|x64
		{7878C292-42E9-482D-B232-B5FED89DE814}.Release|x64.Build.0 = Release|x64
		{7878C292-42E9-482D-B232-B5FED89DE814}.Release|x86.ActiveCfg = Release|Win32
		{7878C292-42E9-482D-B232-B5FED89DE814}.Release|x86.Build.0 = Release|Win32
		{0987CCB9-F661-4635-A4DB-363CC184C0B1}.Debug|x64.ActiveCfg = Debug|x64
		{0987CCB9-F661-4635-A4DB-363CC184C0B1}.Debug|x64.Build.0 = Debug|x64
		{0987CCB9-F661-4635-A4DB-363CC184C0B1}.Debug|x86.ActiveCfg = Debug|Win32
		{0987CCB9-F661-4635-A4DB-363CC184C0B1}.Debug|x86.Build.0 = Debug|Win32
		{0987CCB9-F661-4635-A4DB-363CC184C0B1}.Release|x64.ActiveCfg = Release|x64
		{0987CCB9-F661-4635-A4DB-363CC184C0B1}.Release|x64.Build.0 = Release|x64
		{0987CCB9-F661-4635-A4DB-363CC184C0B1}.Release|x86.ActiveCfg = Release|Win32
		{0987CCB9-F661-4635-A4DB-363CC184C0B1}.Release|x86.Build.0 = Release|Win32
		{B0D394E6-E590-4BD4-9B87-0D755B4BB00D}.Debug|x64.ActiveCfg = Debug|x64
		{B0D394E6-E590-4BD4-9B87-0D755B4BB00D}.Debug|x64.Build.0 = Debug|x64
		{B0D394E6-E590-4BD4-9B87-0D755B4BB00D}.Debug|x86.ActiveCfg = Debug|Win32
		{B0D394E6-E590-4BD4-9B87-0D755B4BB00D}.Debug|x86.Build.0 = Debug|Win32
		{B0D394E6-E590-4BD4-9B87-0D755B4BB00D}.Release|x64.ActiveCfg = Release|x64
		{B0D394E6-E590-4BD4-9B87-0D755B4BB00D}.Release|x64.Build.0 = Release|x64
		{B0D394E6-E590-4BD4-9B87-0D755B4BB00D}.Release|x86.ActiveCfg = Release|Win32
		{B0D394E6-E590-4BD4-9B87-0D755B4BB00D}.Release|x86.Build.0 = Release|Win32
		{1CFEFECE-4F64-4F5C-A88A-C6BDA99A28C7}.Debug|x64.ActiveCfg = Debug|x64
		{1CFEFECE-4F64-4F5C-A88A-C6BDA99A28C7}.Debug|x64.Build.0 = Debug|x64
		{1CFEFECE-4F64-4F5C-A88A-C6BDA99A28C7}.Debug|x86.ActiveCfg = Debug|Win32
		{1CFEFECE-4F64-4F5C-A88A-C6BDA99A28C7}.Debug|x86.Build.0 = Debug|Win32
		{1CFEFECE-4F64-4F5C-A88A-C6BDA99A28C7}.Release|x64.ActiveCfg = Release|x64
		{1CFEFECE-4F64-4F5C-A88A-C6BDA99A28C7}.Release|x64.Build.0 = Release|x64
		{1CFEFECE-4F64-4F5C-A88A-C6BDA99A28C7}.Release|x86.ActiveCfg = Release|Win32
		{1CFEFECE-4F64-4F5C-A88A-C6BDA99A28C7}.Release|x86.Build.0 = Release|Win32
		{4D8E159B-D1DC-46CC-B930-83037A072B60}.Debug|x64.ActiveCfg = Debug|x64
		{4D8E159B-D1DC-46CC-B930-83037A072B60}.Debug|x64.Build.0 = Debug|x64
		{4D8E159B-D1DC-46CC-B930-83037A072B60}.Debug|x86.ActiveCfg = Debug|Win32
		{4D8E159B-D1DC-46CC-B930-83037A072B60}.Debug|x86.Build.0 = Debug|Win32
		{4D8E159B-D1DC-46CC-B930-83037A072B60}.Release|x64.ActiveCfg = Release|x64
		{4D8E159B-D1DC-46CC-B930-83037A072B60}.Release|x64.Build.0 = Release|x64
		{4D8E159B-D1DC-46CC-B930-83037A072B60}.Release|x86.ActiveCfg = Release|Win32
		{4D8E159B-D1DC-46CC-B930-83037A072B60}.Release|x86.Build.0 = Release|Win32
		{13E633E4-63AA-41FB-BE90-1F4D718A200C}.Debug|x64.ActiveCfg = Debug|x64
		{13E633E4-63AA-41FB-BE90-1F4D718A200C}.Debug|x64.Build.0 = Debug|x64
		{13E633E4-63AA-41FB-BE90-1F4D718A200C}.Debug|x86.ActiveCfg = Debug|Win32
		{13E633E4-63AA-41FB-BE90-1F4D718A200C}.Debug|x86.Build.0 = Debug|Win32
		{13E633E4-63AA-41FB-BE90-1F4D718A200C}.Release|x64.ActiveCfg = Release|x64
		{13E633E4-63AA-41FB-BE90-1F4D718A200C}.Release|x64.Build.0 = Release|x64
		{13E633E4-63AA-41FB-BE90-1F4D718A200C}.Release|x86.ActiveCfg = Release|Win32
		{13E633E4-63AA-41FB-BE90-1F4D718A200C}.Release|x86.Build.0 = Release|Win32
		{0C3C2271-EB1A-45B7-B923-6C2D358F0AD2}.Debug|x64.ActiveCfg = Debug|x64
		{0C3C2271-EB1A-45B7-B923-6C2D358F0AD2}.Debug|x64.Build.0 = Debug|x64
		{0C3C2271-EB1A-45B7-B923-6C2D358F0AD2}.Debug|x86.ActiveCfg = Debug|Win32
		{0C3C2271-EB1A-45B7-B923-6C2D358F0AD2}.Debug|x86.Build.0 = Debug|Win32
		{0C3C2271-EB1A-45B7-B923-6C2D358F0AD2}.Release|x64.ActiveCfg = Release|x64
		{0C3C2271-EB1A-45B7-B923-6C2D358F0AD2}.Release|x64.Build.0 = Release|x64
		{0C3C2271-EB1A-45B7-B923-6C2D358F0AD2}.Release|x86.ActiveCfg = Release|Win32
		{0C3C2271-EB1A-45B7-B923-6C2D358F0AD2}.Release|x86.Build.0 = Release|Win32
		{92114D02-51F4-4AD7-88D9-3587574196B7}.Debug|x64.ActiveCfg = Debug|x64
		{92114D02-51F4-4AD7-88D9-3587574196B7}.Debug|x64.Build.0 = Debug|x64
		{92114D02-51F4-4AD7-88D9-3587574196B7}.Debug|x86.ActiveCfg = Debug|Win32
		{92114D02-51F4-4AD7-88D9-3587574196B7}.Debug|x86.Build.0 = Debug|Win32
		{92114D02-51F4-4AD7-88D9-3587574196B7}.Release|x64.ActiveCfg = Release|x64
		{92114D02-51F4-4AD7-88D9-3587574196B7}.Release|x64.Build.0 = Release|x64
		{92114D02-51F4-4AD7-88D9-3587574196B7}.Release|x86.ActiveCfg = Release|Win32
		{92114D02-51F4-4AD7-88D9-3587574196B7}.Release|x86.Build.0 = Release|Win32
		{D08E9794-EB54-4B41-AC9F-D7C4D2DCFB02}.Debug|x64.ActiveCfg = Debug|x64
		{D08E9794-EB54-4B41-AC9F-D7C4D2DCFB02}.Debug|x64.Build.0 = Debug|x64
		{D08E9794-EB54-4B41-AC9F-D7C4D2DCFB02}.Debug|x86.ActiveCfg = Debug|Win32
		{D08E9794-EB54-4B41-AC9F-D7C4D2DCFB02}.Debug|x86.Build.0 = Debug|Win32
		{D08E9794-EB54-4B41-AC9F-D7C4D2DCFB02}.Release|x64.ActiveCfg = Release|x64
		{D08E9794-EB54-4B41-AC9F-D7C4D2DCFB02}.Release|x64.Build.0 = Release|x64
		{D08E9794-EB54-4B41-AC9F-D7C4D2DCFB02}.Release|x86.ActiveCfg = Release|Win32
		{D08E9794-EB54-4B41-AC9F-D7C4D2DCFB02}.Release|x86.Build.0 = Release|Win32
		{59100EEE-6F4B-47F9-B40A-A989A9C30895}.Debug|x64.ActiveCfg = Debug|x64
		{59100EEE-6F4B-47F9-B40A-A989A9C30895}.Debug|x64.Build.0 = Debug|x64
		{59100EEE-6F4B-47F9-B40A-A989A9C30895}.Debug|x86.ActiveCfg = Debug|Win32
		{59100EEE-6F4B-47F9-B40A-A989A9C30895}.Debug|x86.Build.0 = Debug|Win32
		{59100EEE-6F4B-47F9-B40A-A989A9C30895}.Release|x64.ActiveCfg = Release|x64
		{59100EEE-6F4B-47F9-B40A-A989A9C30895}.Release|x64.Build.0 = Release|x64
		{59100EEE-6F4B-47F9-B40A-A989A9C30895}.Release|x86.ActiveCfg = Release|Win32
		{59100EEE-6F4B-47F9-B40A-A989A9C30895}.Release|x86.Build.0 = Release|Win32
		{85B58BF7-B495-458E-ADFA-D481D4631BE9}.Debug|x64.ActiveCfg = Debug|x64
		{85B58BF7-B495-458E-ADFA-D481D4631BE9}.Debug|x64.Build.0 = Debug|x64
		{85B58BF7-B495-458E-ADFA-D481D4631BE9}.Debug|x86.ActiveCfg = Debug|Win32
		{85B58BF7-B495-458E-ADFA-D481D4631BE9}.Debug|x86.Build.0 = Debug|Win32
		{85B58BF7-B495-458E-ADFA-D481D4631BE9}.Release|x64.ActiveCfg = Release|x64
		{85B58BF7-B495-458E-ADFA-D481D4631BE9}.Release|x64.Build.0 = Release|x64
		{85B58BF7-B495-458E-ADFA-D481D4631BE9}.Release|x86.ActiveCfg = Release|Win32
		{85B58BF7-B495-458E-ADFA-D481D4631BE9}.Release|x86.Build.0 = Release|Win32
		{224FF7F4-2FCB-42A2-97FB-FF76C5527A37}.Debug|x64.ActiveCfg = Debug|x64
		{224FF7F4-2FCB-42A2-97FB-FF76C5527A37}.Debug|x64.Build.0 = Debug|x64
		{224FF7F4-2FCB-42A2-97FB-FF76C5527A37}.Debug|x86.ActiveCfg = Debug|Win32
		{224FF7F4-2FCB-42A2-97FB-FF76C5527A37}.Debug|x86.Build.0 = Debug|Win32
		{224FF7F4-2FCB-42A2-97FB-FF76C5527A37}.Release|x64.ActiveCfg = Release|x64
		{224FF7F4-2FCB-42A2-97FB-FF76C5527A37}.Release|x64.Build.0 = Release|x64
		{224FF7F4-2FCB-42A2-97FB-FF76C5527A37}.Release|x86.ActiveCfg = Release|Win32
		{224FF7F4-2FCB-42A2-97FB-FF76C5527A37}.Release|x86.Build.0 = Release|Win32
		{AA620957-5928-4BBB-AA5C-0A2062A68F5A}.Debug|x64.ActiveCfg = Debug|x64
		{AA620957-5928-4BBB-AA5C-0A2062A68F5A}.Debug|x64.Build.0 = Debug|x64
		{AA620957-5928-4BBB-AA5C-0A2062A68F5A}.Debug|x86.ActiveCfg = Debug|Win32
		{AA620957-5928-4BBB-AA5C-0A2062A68F5A}.Debug|x86.Build.0 = Debug|Win32
		{AA620957-5928-4BBB-AA5C-0A2062A68F5A}.Release|x64.ActiveCfg = Release|x64
		{AA620957-5928-4BBB-AA5C-0A2062A68F5A}.Release|x64.Build.0 = Release|x64
		{AA620957-5928-4BBB-AA5C-0A2062A68F5A}.Release|x86.ActiveCfg = Release|Win32
		{AA620957-5928-4BBB-AA5C-0A2062A68F5A}.Release|x86.Build.0 = Release|Win32
		{14A3B0DF-99D5-40DC-8A8A-B0C7F20CC18A}.Debug|x64.ActiveCfg = Debug|x64
		{14A3B0DF-99D5-40DC-8A8A-B0C7F20CC18A}.Debug|x64.Build.0 = Debug|x64
		{14A3B0DF-99D5-40DC-8A8A-B0C7F20CC18A}.Debug|x86.ActiveCfg = Debug|Win32
		{14A3B0DF-99D5-40DC-8A8A-B0C7F20CC18A}.Debug|x86.Build.0 = Debug|Win32
		{14A3B0DF-99D5-40DC-8A8A-B0C7F20CC18A}.Release|x64.ActiveCfg = Release|x64
		{14A3B0DF-99D5-40DC-8A8A-B0C7F20CC18A}.Release|x64.Build.0 = Release|x64
		{14A3B0DF-99D5-40DC-8A8A-B0C7F20CC18A}.Release|x86.ActiveCfg = Release|Win32
		{14A3B0DF-99D5-40DC-8A8A-B0C7F20CC18A}.Release|x86.Build.0 = Release|Win32
	EndGlobalSection
	GlobalSection(SolutionProperties) = preSolution
		HideSolutionNode = FALSE
	EndGlobalSection
	GlobalSection(ExtensibilityGlobals) = postSolution
		SolutionGuid = {C9D387EC-5124-4B16-9287-318BB9EA7E18}
	EndGlobalSection
EndGlobal
